// !$*UTF8*$!
{
	archiveVersion = 1;
	classes = {
	};
	objectVersion = 46;
	objects = {

/* Begin PBXBuildFile section */
		AB57BDCB07BD40BFA52F820C /* libPods.a in Frameworks */ = {isa = PBXBuildFile; fileRef = 176CBBA455AA4CB3A19C183E /* libPods.a */; };
		D711E030198405D7007D9C20 /* Foundation.framework in Frameworks */ = {isa = PBXBuildFile; fileRef = D711E02F198405D7007D9C20 /* Foundation.framework */; };
		D711E032198405D7007D9C20 /* CoreGraphics.framework in Frameworks */ = {isa = PBXBuildFile; fileRef = D711E031198405D7007D9C20 /* CoreGraphics.framework */; };
		D711E034198405D7007D9C20 /* UIKit.framework in Frameworks */ = {isa = PBXBuildFile; fileRef = D711E033198405D7007D9C20 /* UIKit.framework */; };
		D711E03A198405D8007D9C20 /* InfoPlist.strings in Resources */ = {isa = PBXBuildFile; fileRef = D711E038198405D8007D9C20 /* InfoPlist.strings */; };
		D711E03C198405D8007D9C20 /* main.m in Sources */ = {isa = PBXBuildFile; fileRef = D711E03B198405D8007D9C20 /* main.m */; };
		D711E040198405D8007D9C20 /* AppDelegate.m in Sources */ = {isa = PBXBuildFile; fileRef = D711E03F198405D8007D9C20 /* AppDelegate.m */; };
		D711E042198405D8007D9C20 /* Images.xcassets in Resources */ = {isa = PBXBuildFile; fileRef = D711E041198405D8007D9C20 /* Images.xcassets */; };
		D711E049198405D8007D9C20 /* XCTest.framework in Frameworks */ = {isa = PBXBuildFile; fileRef = D711E048198405D8007D9C20 /* XCTest.framework */; };
		D711E04A198405D8007D9C20 /* Foundation.framework in Frameworks */ = {isa = PBXBuildFile; fileRef = D711E02F198405D7007D9C20 /* Foundation.framework */; };
		D711E04B198405D8007D9C20 /* UIKit.framework in Frameworks */ = {isa = PBXBuildFile; fileRef = D711E033198405D7007D9C20 /* UIKit.framework */; };
		D711E053198405D8007D9C20 /* InfoPlist.strings in Resources */ = {isa = PBXBuildFile; fileRef = D711E051198405D8007D9C20 /* InfoPlist.strings */; };
		D711E055198405D8007D9C20 /* NSAppTests.m in Sources */ = {isa = PBXBuildFile; fileRef = D711E054198405D8007D9C20 /* NSAppTests.m */; };
		D752050919A848FF00323106 /* TWRBarChart.m in Sources */ = {isa = PBXBuildFile; fileRef = D75204F719A848FF00323106 /* TWRBarChart.m */; };
		D752050A19A848FF00323106 /* TWRChartBuilder.m in Sources */ = {isa = PBXBuildFile; fileRef = D75204FA19A848FF00323106 /* TWRChartBuilder.m */; };
		D752050C19A848FF00323106 /* TWRCircularChart.m in Sources */ = {isa = PBXBuildFile; fileRef = D75204FE19A848FF00323106 /* TWRCircularChart.m */; };
		D752050D19A848FF00323106 /* TWRDataSet+Strings.m in Sources */ = {isa = PBXBuildFile; fileRef = D752050019A848FF00323106 /* TWRDataSet+Strings.m */; };
		D752050E19A848FF00323106 /* TWRDataSet.m in Sources */ = {isa = PBXBuildFile; fileRef = D752050219A848FF00323106 /* TWRDataSet.m */; };
		D752050F19A848FF00323106 /* TWRLineChart.m in Sources */ = {isa = PBXBuildFile; fileRef = D752050419A848FF00323106 /* TWRLineChart.m */; };
		D752051019A848FF00323106 /* UIColor+HexString.m in Sources */ = {isa = PBXBuildFile; fileRef = D752050619A848FF00323106 /* UIColor+HexString.m */; };
		D752051319A8493A00323106 /* TWRViewController.m in Sources */ = {isa = PBXBuildFile; fileRef = D752051219A8493A00323106 /* TWRViewController.m */; };
		D752051619A84A5400323106 /* TWRChartView.m in Sources */ = {isa = PBXBuildFile; fileRef = D752051519A84A5400323106 /* TWRChartView.m */; };
		D752052019A8727200323106 /* OA.bundle in Resources */ = {isa = PBXBuildFile; fileRef = D752051F19A8727200323106 /* OA.bundle */; };
		D78FD8CC19A2413500864AF1 /* libsqlite3.0.dylib in Frameworks */ = {isa = PBXBuildFile; fileRef = D78FD8CB19A2413500864AF1 /* libsqlite3.0.dylib */; };
		D79C58FE19890CA900BF0DB7 /* Config.m in Sources */ = {isa = PBXBuildFile; fileRef = D79C58FD19890CA900BF0DB7 /* Config.m */; };
		D79C5902198936B900BF0DB7 /* MBProgressController.m in Sources */ = {isa = PBXBuildFile; fileRef = D79C5901198936B900BF0DB7 /* MBProgressController.m */; settings = {COMPILER_FLAGS = "-fno-objc-arc"; }; };
		D79C59051989374900BF0DB7 /* MBProgressHUD.m in Sources */ = {isa = PBXBuildFile; fileRef = D79C59041989374900BF0DB7 /* MBProgressHUD.m */; };
		D79C590B198938B900BF0DB7 /* CustomLocalizedString.m in Sources */ = {isa = PBXBuildFile; fileRef = D79C5908198938B900BF0DB7 /* CustomLocalizedString.m */; };
		D79C590C198938B900BF0DB7 /* NSBundle+NSBundle_ReloadNib.m in Sources */ = {isa = PBXBuildFile; fileRef = D79C590A198938B900BF0DB7 /* NSBundle+NSBundle_ReloadNib.m */; };
		D79C59121989461C00BF0DB7 /* BasicDbItem+DBOperationHelper.m in Sources */ = {isa = PBXBuildFile; fileRef = D79C590F1989461C00BF0DB7 /* BasicDbItem+DBOperationHelper.m */; };
		D79C59131989461C00BF0DB7 /* BasicDbItem.m in Sources */ = {isa = PBXBuildFile; fileRef = D79C59111989461C00BF0DB7 /* BasicDbItem.m */; };
		D79C59171989468200BF0DB7 /* BaseDBService.m in Sources */ = {isa = PBXBuildFile; fileRef = D79C59161989468200BF0DB7 /* BaseDBService.m */; };
		D7A1EEFC19A382E600827CDB /* BootViewController.m in Sources */ = {isa = PBXBuildFile; fileRef = D7A1EEFB19A382E600827CDB /* BootViewController.m */; };
		D7A1EF0219A38B5300827CDB /* DealViewController.m in Sources */ = {isa = PBXBuildFile; fileRef = D7A1EF0119A38B5300827CDB /* DealViewController.m */; };
		D7A1EF0519A38B6D00827CDB /* MessagesViewController.m in Sources */ = {isa = PBXBuildFile; fileRef = D7A1EF0419A38B6D00827CDB /* MessagesViewController.m */; };
		D7A1EF0819A38B8500827CDB /* SettingViewController.m in Sources */ = {isa = PBXBuildFile; fileRef = D7A1EF0719A38B8500827CDB /* SettingViewController.m */; };
		D7A8485E1998EF92009717E7 /* EGORefreshTableFooterView.m in Sources */ = {isa = PBXBuildFile; fileRef = D7A8485B1998EF92009717E7 /* EGORefreshTableFooterView.m */; };
		D7A8485F1998EF92009717E7 /* EGORefreshTableHeaderView.m in Sources */ = {isa = PBXBuildFile; fileRef = D7A8485D1998EF92009717E7 /* EGORefreshTableHeaderView.m */; };
		D7A848631998F343009717E7 /* colorWithHex.m in Sources */ = {isa = PBXBuildFile; fileRef = D7A848621998F343009717E7 /* colorWithHex.m */; };
		D7A8486619990D29009717E7 /* ListViewController.m in Sources */ = {isa = PBXBuildFile; fileRef = D7A8486519990D29009717E7 /* ListViewController.m */; settings = {COMPILER_FLAGS = "-fno-objc-arc"; }; };
		D7A86EBD1993166A009CE098 /* icon_.png in Resources */ = {isa = PBXBuildFile; fileRef = D7A86EBA1993166A009CE098 /* icon_.png */; };
		D7A86EBE1993166A009CE098 /* icon_@2x.png in Resources */ = {isa = PBXBuildFile; fileRef = D7A86EBB1993166A009CE098 /* icon_@2x.png */; };
		D7A86EBF1993166A009CE098 /* icon_retina4.png in Resources */ = {isa = PBXBuildFile; fileRef = D7A86EBC1993166A009CE098 /* icon_retina4.png */; };
		D7A86EC219932C67009CE098 /* ModuleList.plist in Resources */ = {isa = PBXBuildFile; fileRef = D7A86EC119932C67009CE098 /* ModuleList.plist */; };
		D7A86EC619939DB5009CE098 /* LoginViewController.m in Sources */ = {isa = PBXBuildFile; fileRef = D7A86EC519939DB5009CE098 /* LoginViewController.m */; };
		D7A86EC91993AAC2009CE098 /* MyTextField.m in Sources */ = {isa = PBXBuildFile; fileRef = D7A86EC81993AAC2009CE098 /* MyTextField.m */; };
		D7A99CDC1987D4BD002D64A1 /* SystemInfo.m in Sources */ = {isa = PBXBuildFile; fileRef = D7A99CDB1987D4BD002D64A1 /* SystemInfo.m */; };
		D7A99CE01987D996002D64A1 /* NSString+MD5Addtion.m in Sources */ = {isa = PBXBuildFile; fileRef = D7A99CDF1987D996002D64A1 /* NSString+MD5Addtion.m */; };
		D7A99CE31987DB0F002D64A1 /* KeychainItemWrapper.m in Sources */ = {isa = PBXBuildFile; fileRef = D7A99CE21987DB0F002D64A1 /* KeychainItemWrapper.m */; settings = {COMPILER_FLAGS = "-fno-objc-arc"; }; };
		D7A9A5021989034600329BED /* LoginItem.m in Sources */ = {isa = PBXBuildFile; fileRef = D7A9A5011989034600329BED /* LoginItem.m */; };
		D7A9A5051989044A00329BED /* NSObject+propertyList.m in Sources */ = {isa = PBXBuildFile; fileRef = D7A9A5041989044A00329BED /* NSObject+propertyList.m */; };
		D7A9A508198906D900329BED /* util.m in Sources */ = {isa = PBXBuildFile; fileRef = D7A9A507198906D900329BED /* util.m */; };
		D7A9FDB219867A39002DC6F9 /* API.m in Sources */ = {isa = PBXBuildFile; fileRef = D7A9FDA819867A39002DC6F9 /* API.m */; };
		D7A9FDB319867A39002DC6F9 /* Base64.m in Sources */ = {isa = PBXBuildFile; fileRef = D7A9FDAA19867A39002DC6F9 /* Base64.m */; };
		D7A9FDB419867A39002DC6F9 /* DESObject.m in Sources */ = {isa = PBXBuildFile; fileRef = D7A9FDAD19867A39002DC6F9 /* DESObject.m */; };
		D7A9FDB519867A39002DC6F9 /* NSString+MLExtensions.m in Sources */ = {isa = PBXBuildFile; fileRef = D7A9FDAF19867A39002DC6F9 /* NSString+MLExtensions.m */; };
		D7A9FDB619867A39002DC6F9 /* ZipArchive.mm in Sources */ = {isa = PBXBuildFile; fileRef = D7A9FDB119867A39002DC6F9 /* ZipArchive.mm */; };
		D7A9FDBE19868F36002DC6F9 /* LoginService.m in Sources */ = {isa = PBXBuildFile; fileRef = D7A9FDBD19868F36002DC6F9 /* LoginService.m */; };
		D7AA0975199F3947009F7A2D /* RequestCacheService.m in Sources */ = {isa = PBXBuildFile; fileRef = D7AA0974199F3947009F7A2D /* RequestCacheService.m */; };
		D7AA0994199F3F33009F7A2D /* MKAnnotationView+WebCache.m in Sources */ = {isa = PBXBuildFile; fileRef = D7AA0978199F3F33009F7A2D /* MKAnnotationView+WebCache.m */; };
		D7AA0995199F3F33009F7A2D /* NSData+GIF.m in Sources */ = {isa = PBXBuildFile; fileRef = D7AA097A199F3F33009F7A2D /* NSData+GIF.m */; };
		D7AA0996199F3F33009F7A2D /* SDImageCache.m in Sources */ = {isa = PBXBuildFile; fileRef = D7AA097C199F3F33009F7A2D /* SDImageCache.m */; };
		D7AA0997199F3F33009F7A2D /* SDWebImageCompat.m in Sources */ = {isa = PBXBuildFile; fileRef = D7AA097E199F3F33009F7A2D /* SDWebImageCompat.m */; };
		D7AA0998199F3F33009F7A2D /* SDWebImageDecoder.m in Sources */ = {isa = PBXBuildFile; fileRef = D7AA0980199F3F33009F7A2D /* SDWebImageDecoder.m */; };
		D7AA0999199F3F33009F7A2D /* SDWebImageDownloader.m in Sources */ = {isa = PBXBuildFile; fileRef = D7AA0982199F3F33009F7A2D /* SDWebImageDownloader.m */; };
		D7AA099A199F3F33009F7A2D /* SDWebImageDownloaderOperation.m in Sources */ = {isa = PBXBuildFile; fileRef = D7AA0984199F3F33009F7A2D /* SDWebImageDownloaderOperation.m */; };
		D7AA099B199F3F33009F7A2D /* SDWebImageManager.m in Sources */ = {isa = PBXBuildFile; fileRef = D7AA0986199F3F33009F7A2D /* SDWebImageManager.m */; };
		D7AA099C199F3F33009F7A2D /* SDWebImagePrefetcher.m in Sources */ = {isa = PBXBuildFile; fileRef = D7AA0989199F3F33009F7A2D /* SDWebImagePrefetcher.m */; };
		D7AA099D199F3F33009F7A2D /* UIButton+WebCache.m in Sources */ = {isa = PBXBuildFile; fileRef = D7AA098B199F3F33009F7A2D /* UIButton+WebCache.m */; };
		D7AA099E199F3F33009F7A2D /* UIImage+GIF.m in Sources */ = {isa = PBXBuildFile; fileRef = D7AA098D199F3F33009F7A2D /* UIImage+GIF.m */; };
		D7AA099F199F3F33009F7A2D /* UIImage+MultiFormat.m in Sources */ = {isa = PBXBuildFile; fileRef = D7AA098F199F3F33009F7A2D /* UIImage+MultiFormat.m */; };
		D7AA09A0199F3F33009F7A2D /* UIImage+WebP.m in Sources */ = {isa = PBXBuildFile; fileRef = D7AA0991199F3F33009F7A2D /* UIImage+WebP.m */; };
		D7AA09A1199F3F33009F7A2D /* UIImageView+WebCache.m in Sources */ = {isa = PBXBuildFile; fileRef = D7AA0993199F3F33009F7A2D /* UIImageView+WebCache.m */; };
		D7D7ACD41984A040007A0EDF /* BaseApiClient.m in Sources */ = {isa = PBXBuildFile; fileRef = D7D7ACD31984A040007A0EDF /* BaseApiClient.m */; };
		D7E364EB19925A92008DD2D6 /* BaseViewController.m in Sources */ = {isa = PBXBuildFile; fileRef = D7E364EA19925A92008DD2D6 /* BaseViewController.m */; };
		D7E364EE19925BB5008DD2D6 /* UIDevice+MYDevice.m in Sources */ = {isa = PBXBuildFile; fileRef = D7E364ED19925BB5008DD2D6 /* UIDevice+MYDevice.m */; };
		D7E364F119925DCA008DD2D6 /* MainViewController.m in Sources */ = {isa = PBXBuildFile; fileRef = D7E364F019925DCA008DD2D6 /* MainViewController.m */; };
		D7E364F419926732008DD2D6 /* MainViewController.xib in Resources */ = {isa = PBXBuildFile; fileRef = D7E364F319926732008DD2D6 /* MainViewController.xib */; };
		D7E364F619926767008DD2D6 /* MainViewController_Retina4.xib in Resources */ = {isa = PBXBuildFile; fileRef = D7E364F519926767008DD2D6 /* MainViewController_Retina4.xib */; };
		D7FFF3681997139C00BDAD88 /* HomeNavInitial.m in Sources */ = {isa = PBXBuildFile; fileRef = D7FFF3671997139C00BDAD88 /* HomeNavInitial.m */; };
		D7FFF373199774EC00BDAD88 /* BaseNavigationViewController.m in Sources */ = {isa = PBXBuildFile; fileRef = D7FFF372199774EC00BDAD88 /* BaseNavigationViewController.m */; };
		D7FFF37619977F0400BDAD88 /* BusinessViewController.m in Sources */ = {isa = PBXBuildFile; fileRef = D7FFF37519977F0400BDAD88 /* BusinessViewController.m */; };
		D7FFF3791997A7B100BDAD88 /* JobFlowViewController.m in Sources */ = {isa = PBXBuildFile; fileRef = D7FFF3781997A7B100BDAD88 /* JobFlowViewController.m */; };
		D7FFF37C1997ABA100BDAD88 /* HumanResourceViewController.m in Sources */ = {isa = PBXBuildFile; fileRef = D7FFF37B1997ABA100BDAD88 /* HumanResourceViewController.m */; };
		D7FFF37F1997ABBC00BDAD88 /* AttendanceViewController.m in Sources */ = {isa = PBXBuildFile; fileRef = D7FFF37E1997ABBC00BDAD88 /* AttendanceViewController.m */; };
		D7FFF3821997ABD100BDAD88 /* MyScheduleViewController.m in Sources */ = {isa = PBXBuildFile; fileRef = D7FFF3811997ABD100BDAD88 /* MyScheduleViewController.m */; };
		D7FFF3851997ABE800BDAD88 /* NotificationViewController.m in Sources */ = {isa = PBXBuildFile; fileRef = D7FFF3841997ABE800BDAD88 /* NotificationViewController.m */; };
		D7FFF3881997ABFD00BDAD88 /* PerformanceViewController.m in Sources */ = {isa = PBXBuildFile; fileRef = D7FFF3871997ABFD00BDAD88 /* PerformanceViewController.m */; };
		D7FFF38B1997AC1500BDAD88 /* SalaryManageViewController.m in Sources */ = {isa = PBXBuildFile; fileRef = D7FFF38A1997AC1500BDAD88 /* SalaryManageViewController.m */; };
		D7FFF38E1997AC2E00BDAD88 /* OthersViewController.m in Sources */ = {isa = PBXBuildFile; fileRef = D7FFF38D1997AC2E00BDAD88 /* OthersViewController.m */; };
/* End PBXBuildFile section */

/* Begin PBXContainerItemProxy section */
		D711E04C198405D8007D9C20 /* PBXContainerItemProxy */ = {
			isa = PBXContainerItemProxy;
			containerPortal = D711E024198405D7007D9C20 /* Project object */;
			proxyType = 1;
			remoteGlobalIDString = D711E02B198405D7007D9C20;
			remoteInfo = NSApp;
		};
/* End PBXContainerItemProxy section */

/* Begin PBXFileReference section */
		0F4237392C4F46B2A9650BBF /* Pods.xcconfig */ = {isa = PBXFileReference; includeInIndex = 1; lastKnownFileType = text.xcconfig; name = Pods.xcconfig; path = Pods/Pods.xcconfig; sourceTree = "<group>"; };
		176CBBA455AA4CB3A19C183E /* libPods.a */ = {isa = PBXFileReference; explicitFileType = archive.ar; includeInIndex = 0; path = libPods.a; sourceTree = BUILT_PRODUCTS_DIR; };
		D711E02C198405D7007D9C20 /* NSApp.app */ = {isa = PBXFileReference; explicitFileType = wrapper.application; includeInIndex = 0; path = NSApp.app; sourceTree = BUILT_PRODUCTS_DIR; };
		D711E02F198405D7007D9C20 /* Foundation.framework */ = {isa = PBXFileReference; lastKnownFileType = wrapper.framework; name = Foundation.framework; path = System/Library/Frameworks/Foundation.framework; sourceTree = SDKROOT; };
		D711E031198405D7007D9C20 /* CoreGraphics.framework */ = {isa = PBXFileReference; lastKnownFileType = wrapper.framework; name = CoreGraphics.framework; path = System/Library/Frameworks/CoreGraphics.framework; sourceTree = SDKROOT; };
		D711E033198405D7007D9C20 /* UIKit.framework */ = {isa = PBXFileReference; lastKnownFileType = wrapper.framework; name = UIKit.framework; path = System/Library/Frameworks/UIKit.framework; sourceTree = SDKROOT; };
		D711E037198405D7007D9C20 /* NSApp-Info.plist */ = {isa = PBXFileReference; lastKnownFileType = text.plist.xml; path = "NSApp-Info.plist"; sourceTree = "<group>"; };
		D711E039198405D8007D9C20 /* en */ = {isa = PBXFileReference; lastKnownFileType = text.plist.strings; name = en; path = en.lproj/InfoPlist.strings; sourceTree = "<group>"; };
		D711E03B198405D8007D9C20 /* main.m */ = {isa = PBXFileReference; lastKnownFileType = sourcecode.c.objc; path = main.m; sourceTree = "<group>"; };
		D711E03D198405D8007D9C20 /* NSApp-Prefix.pch */ = {isa = PBXFileReference; lastKnownFileType = sourcecode.c.h; path = "NSApp-Prefix.pch"; sourceTree = "<group>"; };
		D711E03E198405D8007D9C20 /* AppDelegate.h */ = {isa = PBXFileReference; lastKnownFileType = sourcecode.c.h; path = AppDelegate.h; sourceTree = "<group>"; };
		D711E03F198405D8007D9C20 /* AppDelegate.m */ = {isa = PBXFileReference; lastKnownFileType = sourcecode.c.objc; path = AppDelegate.m; sourceTree = "<group>"; };
		D711E041198405D8007D9C20 /* Images.xcassets */ = {isa = PBXFileReference; lastKnownFileType = folder.assetcatalog; path = Images.xcassets; sourceTree = "<group>"; };
		D711E047198405D8007D9C20 /* NSAppTests.xctest */ = {isa = PBXFileReference; explicitFileType = wrapper.cfbundle; includeInIndex = 0; path = NSAppTests.xctest; sourceTree = BUILT_PRODUCTS_DIR; };
		D711E048198405D8007D9C20 /* XCTest.framework */ = {isa = PBXFileReference; lastKnownFileType = wrapper.framework; name = XCTest.framework; path = Library/Frameworks/XCTest.framework; sourceTree = DEVELOPER_DIR; };
		D711E050198405D8007D9C20 /* NSAppTests-Info.plist */ = {isa = PBXFileReference; lastKnownFileType = text.plist.xml; path = "NSAppTests-Info.plist"; sourceTree = "<group>"; };
		D711E052198405D8007D9C20 /* en */ = {isa = PBXFileReference; lastKnownFileType = text.plist.strings; name = en; path = en.lproj/InfoPlist.strings; sourceTree = "<group>"; };
		D711E054198405D8007D9C20 /* NSAppTests.m */ = {isa = PBXFileReference; lastKnownFileType = sourcecode.c.objc; path = NSAppTests.m; sourceTree = "<group>"; };
		D75204F619A848FF00323106 /* TWRBarChart.h */ = {isa = PBXFileReference; fileEncoding = 4; lastKnownFileType = sourcecode.c.h; path = TWRBarChart.h; sourceTree = "<group>"; };
		D75204F719A848FF00323106 /* TWRBarChart.m */ = {isa = PBXFileReference; fileEncoding = 4; lastKnownFileType = sourcecode.c.objc; path = TWRBarChart.m; sourceTree = "<group>"; };
		D75204F819A848FF00323106 /* TWRChart.h */ = {isa = PBXFileReference; fileEncoding = 4; lastKnownFileType = sourcecode.c.h; path = TWRChart.h; sourceTree = "<group>"; };
		D75204F919A848FF00323106 /* TWRChartBuilder.h */ = {isa = PBXFileReference; fileEncoding = 4; lastKnownFileType = sourcecode.c.h; path = TWRChartBuilder.h; sourceTree = "<group>"; };
		D75204FA19A848FF00323106 /* TWRChartBuilder.m */ = {isa = PBXFileReference; fileEncoding = 4; lastKnownFileType = sourcecode.c.objc; path = TWRChartBuilder.m; sourceTree = "<group>"; };
		D75204FD19A848FF00323106 /* TWRCircularChart.h */ = {isa = PBXFileReference; fileEncoding = 4; lastKnownFileType = sourcecode.c.h; path = TWRCircularChart.h; sourceTree = "<group>"; };
		D75204FE19A848FF00323106 /* TWRCircularChart.m */ = {isa = PBXFileReference; fileEncoding = 4; lastKnownFileType = sourcecode.c.objc; path = TWRCircularChart.m; sourceTree = "<group>"; };
		D75204FF19A848FF00323106 /* TWRDataSet+Strings.h */ = {isa = PBXFileReference; fileEncoding = 4; lastKnownFileType = sourcecode.c.h; path = "TWRDataSet+Strings.h"; sourceTree = "<group>"; };
		D752050019A848FF00323106 /* TWRDataSet+Strings.m */ = {isa = PBXFileReference; fileEncoding = 4; lastKnownFileType = sourcecode.c.objc; path = "TWRDataSet+Strings.m"; sourceTree = "<group>"; };
		D752050119A848FF00323106 /* TWRDataSet.h */ = {isa = PBXFileReference; fileEncoding = 4; lastKnownFileType = sourcecode.c.h; path = TWRDataSet.h; sourceTree = "<group>"; };
		D752050219A848FF00323106 /* TWRDataSet.m */ = {isa = PBXFileReference; fileEncoding = 4; lastKnownFileType = sourcecode.c.objc; path = TWRDataSet.m; sourceTree = "<group>"; };
		D752050319A848FF00323106 /* TWRLineChart.h */ = {isa = PBXFileReference; fileEncoding = 4; lastKnownFileType = sourcecode.c.h; path = TWRLineChart.h; sourceTree = "<group>"; };
		D752050419A848FF00323106 /* TWRLineChart.m */ = {isa = PBXFileReference; fileEncoding = 4; lastKnownFileType = sourcecode.c.objc; path = TWRLineChart.m; sourceTree = "<group>"; };
		D752050519A848FF00323106 /* UIColor+HexString.h */ = {isa = PBXFileReference; fileEncoding = 4; lastKnownFileType = sourcecode.c.h; path = "UIColor+HexString.h"; sourceTree = "<group>"; };
		D752050619A848FF00323106 /* UIColor+HexString.m */ = {isa = PBXFileReference; fileEncoding = 4; lastKnownFileType = sourcecode.c.objc; path = "UIColor+HexString.m"; sourceTree = "<group>"; };
		D752051119A8493A00323106 /* TWRViewController.h */ = {isa = PBXFileReference; fileEncoding = 4; lastKnownFileType = sourcecode.c.h; path = TWRViewController.h; sourceTree = "<group>"; };
		D752051219A8493A00323106 /* TWRViewController.m */ = {isa = PBXFileReference; fileEncoding = 4; lastKnownFileType = sourcecode.c.objc; path = TWRViewController.m; sourceTree = "<group>"; };
		D752051419A84A5400323106 /* TWRChartView.h */ = {isa = PBXFileReference; fileEncoding = 4; lastKnownFileType = sourcecode.c.h; path = TWRChartView.h; sourceTree = "<group>"; };
		D752051519A84A5400323106 /* TWRChartView.m */ = {isa = PBXFileReference; fileEncoding = 4; lastKnownFileType = sourcecode.c.objc; path = TWRChartView.m; sourceTree = "<group>"; };
		D752051F19A8727200323106 /* OA.bundle */ = {isa = PBXFileReference; lastKnownFileType = "wrapper.plug-in"; path = OA.bundle; sourceTree = "<group>"; };
		D78FD8CB19A2413500864AF1 /* libsqlite3.0.dylib */ = {isa = PBXFileReference; lastKnownFileType = "compiled.mach-o.dylib"; name = libsqlite3.0.dylib; path = usr/lib/libsqlite3.0.dylib; sourceTree = SDKROOT; };
		D79C58FC19890CA900BF0DB7 /* Config.h */ = {isa = PBXFileReference; fileEncoding = 4; lastKnownFileType = sourcecode.c.h; path = Config.h; sourceTree = "<group>"; };
		D79C58FD19890CA900BF0DB7 /* Config.m */ = {isa = PBXFileReference; fileEncoding = 4; lastKnownFileType = sourcecode.c.objc; path = Config.m; sourceTree = "<group>"; };
		D79C5900198936B900BF0DB7 /* MBProgressController.h */ = {isa = PBXFileReference; fileEncoding = 4; lastKnownFileType = sourcecode.c.h; path = MBProgressController.h; sourceTree = "<group>"; };
		D79C5901198936B900BF0DB7 /* MBProgressController.m */ = {isa = PBXFileReference; fileEncoding = 4; lastKnownFileType = sourcecode.c.objc; path = MBProgressController.m; sourceTree = "<group>"; };
		D79C59031989374900BF0DB7 /* MBProgressHUD.h */ = {isa = PBXFileReference; fileEncoding = 4; lastKnownFileType = sourcecode.c.h; path = MBProgressHUD.h; sourceTree = "<group>"; };
		D79C59041989374900BF0DB7 /* MBProgressHUD.m */ = {isa = PBXFileReference; fileEncoding = 4; lastKnownFileType = sourcecode.c.objc; path = MBProgressHUD.m; sourceTree = "<group>"; };
		D79C5907198938B900BF0DB7 /* CustomLocalizedString.h */ = {isa = PBXFileReference; fileEncoding = 4; lastKnownFileType = sourcecode.c.h; path = CustomLocalizedString.h; sourceTree = "<group>"; };
		D79C5908198938B900BF0DB7 /* CustomLocalizedString.m */ = {isa = PBXFileReference; fileEncoding = 4; lastKnownFileType = sourcecode.c.objc; path = CustomLocalizedString.m; sourceTree = "<group>"; };
		D79C5909198938B900BF0DB7 /* NSBundle+NSBundle_ReloadNib.h */ = {isa = PBXFileReference; fileEncoding = 4; lastKnownFileType = sourcecode.c.h; path = "NSBundle+NSBundle_ReloadNib.h"; sourceTree = "<group>"; };
		D79C590A198938B900BF0DB7 /* NSBundle+NSBundle_ReloadNib.m */ = {isa = PBXFileReference; fileEncoding = 4; lastKnownFileType = sourcecode.c.objc; path = "NSBundle+NSBundle_ReloadNib.m"; sourceTree = "<group>"; };
		D79C590E1989461C00BF0DB7 /* BasicDbItem+DBOperationHelper.h */ = {isa = PBXFileReference; fileEncoding = 4; lastKnownFileType = sourcecode.c.h; path = "BasicDbItem+DBOperationHelper.h"; sourceTree = "<group>"; };
		D79C590F1989461C00BF0DB7 /* BasicDbItem+DBOperationHelper.m */ = {isa = PBXFileReference; fileEncoding = 4; lastKnownFileType = sourcecode.c.objc; path = "BasicDbItem+DBOperationHelper.m"; sourceTree = "<group>"; };
		D79C59101989461C00BF0DB7 /* BasicDbItem.h */ = {isa = PBXFileReference; fileEncoding = 4; lastKnownFileType = sourcecode.c.h; path = BasicDbItem.h; sourceTree = "<group>"; };
		D79C59111989461C00BF0DB7 /* BasicDbItem.m */ = {isa = PBXFileReference; fileEncoding = 4; lastKnownFileType = sourcecode.c.objc; path = BasicDbItem.m; sourceTree = "<group>"; };
		D79C59151989468200BF0DB7 /* BaseDBService.h */ = {isa = PBXFileReference; fileEncoding = 4; lastKnownFileType = sourcecode.c.h; path = BaseDBService.h; sourceTree = "<group>"; };
		D79C59161989468200BF0DB7 /* BaseDBService.m */ = {isa = PBXFileReference; fileEncoding = 4; lastKnownFileType = sourcecode.c.objc; path = BaseDBService.m; sourceTree = "<group>"; };
		D7A1EEFA19A382E600827CDB /* BootViewController.h */ = {isa = PBXFileReference; fileEncoding = 4; lastKnownFileType = sourcecode.c.h; path = BootViewController.h; sourceTree = "<group>"; };
		D7A1EEFB19A382E600827CDB /* BootViewController.m */ = {isa = PBXFileReference; fileEncoding = 4; lastKnownFileType = sourcecode.c.objc; path = BootViewController.m; sourceTree = "<group>"; };
		D7A1EF0019A38B5300827CDB /* DealViewController.h */ = {isa = PBXFileReference; fileEncoding = 4; lastKnownFileType = sourcecode.c.h; path = DealViewController.h; sourceTree = "<group>"; };
		D7A1EF0119A38B5300827CDB /* DealViewController.m */ = {isa = PBXFileReference; fileEncoding = 4; lastKnownFileType = sourcecode.c.objc; path = DealViewController.m; sourceTree = "<group>"; };
		D7A1EF0319A38B6D00827CDB /* MessagesViewController.h */ = {isa = PBXFileReference; fileEncoding = 4; lastKnownFileType = sourcecode.c.h; path = MessagesViewController.h; sourceTree = "<group>"; };
		D7A1EF0419A38B6D00827CDB /* MessagesViewController.m */ = {isa = PBXFileReference; fileEncoding = 4; lastKnownFileType = sourcecode.c.objc; path = MessagesViewController.m; sourceTree = "<group>"; };
		D7A1EF0619A38B8500827CDB /* SettingViewController.h */ = {isa = PBXFileReference; fileEncoding = 4; lastKnownFileType = sourcecode.c.h; path = SettingViewController.h; sourceTree = "<group>"; };
		D7A1EF0719A38B8500827CDB /* SettingViewController.m */ = {isa = PBXFileReference; fileEncoding = 4; lastKnownFileType = sourcecode.c.objc; path = SettingViewController.m; sourceTree = "<group>"; };
		D7A8485A1998EF92009717E7 /* EGORefreshTableFooterView.h */ = {isa = PBXFileReference; fileEncoding = 4; lastKnownFileType = sourcecode.c.h; path = EGORefreshTableFooterView.h; sourceTree = "<group>"; };
		D7A8485B1998EF92009717E7 /* EGORefreshTableFooterView.m */ = {isa = PBXFileReference; fileEncoding = 4; lastKnownFileType = sourcecode.c.objc; path = EGORefreshTableFooterView.m; sourceTree = "<group>"; };
		D7A8485C1998EF92009717E7 /* EGORefreshTableHeaderView.h */ = {isa = PBXFileReference; fileEncoding = 4; lastKnownFileType = sourcecode.c.h; path = EGORefreshTableHeaderView.h; sourceTree = "<group>"; };
		D7A8485D1998EF92009717E7 /* EGORefreshTableHeaderView.m */ = {isa = PBXFileReference; fileEncoding = 4; lastKnownFileType = sourcecode.c.objc; path = EGORefreshTableHeaderView.m; sourceTree = "<group>"; };
		D7A848611998F343009717E7 /* colorWithHex.h */ = {isa = PBXFileReference; fileEncoding = 4; lastKnownFileType = sourcecode.c.h; path = colorWithHex.h; sourceTree = "<group>"; };
		D7A848621998F343009717E7 /* colorWithHex.m */ = {isa = PBXFileReference; fileEncoding = 4; lastKnownFileType = sourcecode.c.objc; path = colorWithHex.m; sourceTree = "<group>"; };
		D7A8486419990D29009717E7 /* ListViewController.h */ = {isa = PBXFileReference; fileEncoding = 4; lastKnownFileType = sourcecode.c.h; path = ListViewController.h; sourceTree = "<group>"; };
		D7A8486519990D29009717E7 /* ListViewController.m */ = {isa = PBXFileReference; fileEncoding = 4; lastKnownFileType = sourcecode.c.objc; path = ListViewController.m; sourceTree = "<group>"; };
		D7A86EBA1993166A009CE098 /* icon_.png */ = {isa = PBXFileReference; lastKnownFileType = image.png; path = icon_.png; sourceTree = "<group>"; };
		D7A86EBB1993166A009CE098 /* icon_@2x.png */ = {isa = PBXFileReference; lastKnownFileType = image.png; path = "icon_@2x.png"; sourceTree = "<group>"; };
		D7A86EBC1993166A009CE098 /* icon_retina4.png */ = {isa = PBXFileReference; lastKnownFileType = image.png; path = icon_retina4.png; sourceTree = "<group>"; };
		D7A86EC119932C67009CE098 /* ModuleList.plist */ = {isa = PBXFileReference; fileEncoding = 4; lastKnownFileType = text.plist.xml; path = ModuleList.plist; sourceTree = "<group>"; };
		D7A86EC419939DB5009CE098 /* LoginViewController.h */ = {isa = PBXFileReference; fileEncoding = 4; lastKnownFileType = sourcecode.c.h; path = LoginViewController.h; sourceTree = "<group>"; };
		D7A86EC519939DB5009CE098 /* LoginViewController.m */ = {isa = PBXFileReference; fileEncoding = 4; lastKnownFileType = sourcecode.c.objc; path = LoginViewController.m; sourceTree = "<group>"; };
		D7A86EC71993AAC2009CE098 /* MyTextField.h */ = {isa = PBXFileReference; fileEncoding = 4; lastKnownFileType = sourcecode.c.h; path = MyTextField.h; sourceTree = "<group>"; };
		D7A86EC81993AAC2009CE098 /* MyTextField.m */ = {isa = PBXFileReference; fileEncoding = 4; lastKnownFileType = sourcecode.c.objc; path = MyTextField.m; sourceTree = "<group>"; };
		D7A99CDA1987D4BD002D64A1 /* SystemInfo.h */ = {isa = PBXFileReference; fileEncoding = 4; lastKnownFileType = sourcecode.c.h; path = SystemInfo.h; sourceTree = "<group>"; };
		D7A99CDB1987D4BD002D64A1 /* SystemInfo.m */ = {isa = PBXFileReference; fileEncoding = 4; lastKnownFileType = sourcecode.c.objc; path = SystemInfo.m; sourceTree = "<group>"; };
		D7A99CDE1987D996002D64A1 /* NSString+MD5Addtion.h */ = {isa = PBXFileReference; fileEncoding = 4; lastKnownFileType = sourcecode.c.h; path = "NSString+MD5Addtion.h"; sourceTree = "<group>"; };
		D7A99CDF1987D996002D64A1 /* NSString+MD5Addtion.m */ = {isa = PBXFileReference; fileEncoding = 4; lastKnownFileType = sourcecode.c.objc; path = "NSString+MD5Addtion.m"; sourceTree = "<group>"; };
		D7A99CE11987DB0F002D64A1 /* KeychainItemWrapper.h */ = {isa = PBXFileReference; fileEncoding = 4; lastKnownFileType = sourcecode.c.h; path = KeychainItemWrapper.h; sourceTree = "<group>"; };
		D7A99CE21987DB0F002D64A1 /* KeychainItemWrapper.m */ = {isa = PBXFileReference; fileEncoding = 4; lastKnownFileType = sourcecode.c.objc; path = KeychainItemWrapper.m; sourceTree = "<group>"; };
		D7A9A5001989034600329BED /* LoginItem.h */ = {isa = PBXFileReference; fileEncoding = 4; lastKnownFileType = sourcecode.c.h; path = LoginItem.h; sourceTree = "<group>"; };
		D7A9A5011989034600329BED /* LoginItem.m */ = {isa = PBXFileReference; fileEncoding = 4; lastKnownFileType = sourcecode.c.objc; path = LoginItem.m; sourceTree = "<group>"; };
		D7A9A5031989044A00329BED /* NSObject+propertyList.h */ = {isa = PBXFileReference; fileEncoding = 4; lastKnownFileType = sourcecode.c.h; path = "NSObject+propertyList.h"; sourceTree = "<group>"; };
		D7A9A5041989044A00329BED /* NSObject+propertyList.m */ = {isa = PBXFileReference; fileEncoding = 4; lastKnownFileType = sourcecode.c.objc; path = "NSObject+propertyList.m"; sourceTree = "<group>"; };
		D7A9A506198906D900329BED /* util.h */ = {isa = PBXFileReference; fileEncoding = 4; lastKnownFileType = sourcecode.c.h; path = util.h; sourceTree = "<group>"; };
		D7A9A507198906D900329BED /* util.m */ = {isa = PBXFileReference; fileEncoding = 4; lastKnownFileType = sourcecode.c.objc; path = util.m; sourceTree = "<group>"; };
		D7A9FDA719867A39002DC6F9 /* API.h */ = {isa = PBXFileReference; fileEncoding = 4; lastKnownFileType = sourcecode.c.h; path = API.h; sourceTree = "<group>"; };
		D7A9FDA819867A39002DC6F9 /* API.m */ = {isa = PBXFileReference; fileEncoding = 4; lastKnownFileType = sourcecode.c.objc; path = API.m; sourceTree = "<group>"; };
		D7A9FDA919867A39002DC6F9 /* Base64.h */ = {isa = PBXFileReference; fileEncoding = 4; lastKnownFileType = sourcecode.c.h; path = Base64.h; sourceTree = "<group>"; };
		D7A9FDAA19867A39002DC6F9 /* Base64.m */ = {isa = PBXFileReference; fileEncoding = 4; lastKnownFileType = sourcecode.c.objc; path = Base64.m; sourceTree = "<group>"; };
		D7A9FDAB19867A39002DC6F9 /* Base64Defines.h */ = {isa = PBXFileReference; fileEncoding = 4; lastKnownFileType = sourcecode.c.h; path = Base64Defines.h; sourceTree = "<group>"; };
		D7A9FDAC19867A39002DC6F9 /* DESObject.h */ = {isa = PBXFileReference; fileEncoding = 4; lastKnownFileType = sourcecode.c.h; path = DESObject.h; sourceTree = "<group>"; };
		D7A9FDAD19867A39002DC6F9 /* DESObject.m */ = {isa = PBXFileReference; fileEncoding = 4; lastKnownFileType = sourcecode.c.objc; path = DESObject.m; sourceTree = "<group>"; };
		D7A9FDAE19867A39002DC6F9 /* NSString+MLExtensions.h */ = {isa = PBXFileReference; fileEncoding = 4; lastKnownFileType = sourcecode.c.h; path = "NSString+MLExtensions.h"; sourceTree = "<group>"; };
		D7A9FDAF19867A39002DC6F9 /* NSString+MLExtensions.m */ = {isa = PBXFileReference; fileEncoding = 4; lastKnownFileType = sourcecode.c.objc; path = "NSString+MLExtensions.m"; sourceTree = "<group>"; };
		D7A9FDB019867A39002DC6F9 /* ZipArchive.h */ = {isa = PBXFileReference; fileEncoding = 4; lastKnownFileType = sourcecode.c.h; path = ZipArchive.h; sourceTree = "<group>"; };
		D7A9FDB119867A39002DC6F9 /* ZipArchive.mm */ = {isa = PBXFileReference; fileEncoding = 4; lastKnownFileType = sourcecode.cpp.objcpp; path = ZipArchive.mm; sourceTree = "<group>"; };
		D7A9FDBC19868F36002DC6F9 /* LoginService.h */ = {isa = PBXFileReference; fileEncoding = 4; lastKnownFileType = sourcecode.c.h; path = LoginService.h; sourceTree = "<group>"; };
		D7A9FDBD19868F36002DC6F9 /* LoginService.m */ = {isa = PBXFileReference; fileEncoding = 4; lastKnownFileType = sourcecode.c.objc; path = LoginService.m; sourceTree = "<group>"; };
		D7AA0973199F3947009F7A2D /* RequestCacheService.h */ = {isa = PBXFileReference; fileEncoding = 4; lastKnownFileType = sourcecode.c.h; path = RequestCacheService.h; sourceTree = "<group>"; };
		D7AA0974199F3947009F7A2D /* RequestCacheService.m */ = {isa = PBXFileReference; fileEncoding = 4; lastKnownFileType = sourcecode.c.objc; path = RequestCacheService.m; sourceTree = "<group>"; };
		D7AA0977199F3F33009F7A2D /* MKAnnotationView+WebCache.h */ = {isa = PBXFileReference; fileEncoding = 4; lastKnownFileType = sourcecode.c.h; path = "MKAnnotationView+WebCache.h"; sourceTree = "<group>"; };
		D7AA0978199F3F33009F7A2D /* MKAnnotationView+WebCache.m */ = {isa = PBXFileReference; fileEncoding = 4; lastKnownFileType = sourcecode.c.objc; path = "MKAnnotationView+WebCache.m"; sourceTree = "<group>"; };
		D7AA0979199F3F33009F7A2D /* NSData+GIF.h */ = {isa = PBXFileReference; fileEncoding = 4; lastKnownFileType = sourcecode.c.h; path = "NSData+GIF.h"; sourceTree = "<group>"; };
		D7AA097A199F3F33009F7A2D /* NSData+GIF.m */ = {isa = PBXFileReference; fileEncoding = 4; lastKnownFileType = sourcecode.c.objc; path = "NSData+GIF.m"; sourceTree = "<group>"; };
		D7AA097B199F3F33009F7A2D /* SDImageCache.h */ = {isa = PBXFileReference; fileEncoding = 4; lastKnownFileType = sourcecode.c.h; path = SDImageCache.h; sourceTree = "<group>"; };
		D7AA097C199F3F33009F7A2D /* SDImageCache.m */ = {isa = PBXFileReference; fileEncoding = 4; lastKnownFileType = sourcecode.c.objc; path = SDImageCache.m; sourceTree = "<group>"; };
		D7AA097D199F3F33009F7A2D /* SDWebImageCompat.h */ = {isa = PBXFileReference; fileEncoding = 4; lastKnownFileType = sourcecode.c.h; path = SDWebImageCompat.h; sourceTree = "<group>"; };
		D7AA097E199F3F33009F7A2D /* SDWebImageCompat.m */ = {isa = PBXFileReference; fileEncoding = 4; lastKnownFileType = sourcecode.c.objc; path = SDWebImageCompat.m; sourceTree = "<group>"; };
		D7AA097F199F3F33009F7A2D /* SDWebImageDecoder.h */ = {isa = PBXFileReference; fileEncoding = 4; lastKnownFileType = sourcecode.c.h; path = SDWebImageDecoder.h; sourceTree = "<group>"; };
		D7AA0980199F3F33009F7A2D /* SDWebImageDecoder.m */ = {isa = PBXFileReference; fileEncoding = 4; lastKnownFileType = sourcecode.c.objc; path = SDWebImageDecoder.m; sourceTree = "<group>"; };
		D7AA0981199F3F33009F7A2D /* SDWebImageDownloader.h */ = {isa = PBXFileReference; fileEncoding = 4; lastKnownFileType = sourcecode.c.h; path = SDWebImageDownloader.h; sourceTree = "<group>"; };
		D7AA0982199F3F33009F7A2D /* SDWebImageDownloader.m */ = {isa = PBXFileReference; fileEncoding = 4; lastKnownFileType = sourcecode.c.objc; path = SDWebImageDownloader.m; sourceTree = "<group>"; };
		D7AA0983199F3F33009F7A2D /* SDWebImageDownloaderOperation.h */ = {isa = PBXFileReference; fileEncoding = 4; lastKnownFileType = sourcecode.c.h; path = SDWebImageDownloaderOperation.h; sourceTree = "<group>"; };
		D7AA0984199F3F33009F7A2D /* SDWebImageDownloaderOperation.m */ = {isa = PBXFileReference; fileEncoding = 4; lastKnownFileType = sourcecode.c.objc; path = SDWebImageDownloaderOperation.m; sourceTree = "<group>"; };
		D7AA0985199F3F33009F7A2D /* SDWebImageManager.h */ = {isa = PBXFileReference; fileEncoding = 4; lastKnownFileType = sourcecode.c.h; path = SDWebImageManager.h; sourceTree = "<group>"; };
		D7AA0986199F3F33009F7A2D /* SDWebImageManager.m */ = {isa = PBXFileReference; fileEncoding = 4; lastKnownFileType = sourcecode.c.objc; path = SDWebImageManager.m; sourceTree = "<group>"; };
		D7AA0987199F3F33009F7A2D /* SDWebImageOperation.h */ = {isa = PBXFileReference; fileEncoding = 4; lastKnownFileType = sourcecode.c.h; path = SDWebImageOperation.h; sourceTree = "<group>"; };
		D7AA0988199F3F33009F7A2D /* SDWebImagePrefetcher.h */ = {isa = PBXFileReference; fileEncoding = 4; lastKnownFileType = sourcecode.c.h; path = SDWebImagePrefetcher.h; sourceTree = "<group>"; };
		D7AA0989199F3F33009F7A2D /* SDWebImagePrefetcher.m */ = {isa = PBXFileReference; fileEncoding = 4; lastKnownFileType = sourcecode.c.objc; path = SDWebImagePrefetcher.m; sourceTree = "<group>"; };
		D7AA098A199F3F33009F7A2D /* UIButton+WebCache.h */ = {isa = PBXFileReference; fileEncoding = 4; lastKnownFileType = sourcecode.c.h; path = "UIButton+WebCache.h"; sourceTree = "<group>"; };
		D7AA098B199F3F33009F7A2D /* UIButton+WebCache.m */ = {isa = PBXFileReference; fileEncoding = 4; lastKnownFileType = sourcecode.c.objc; path = "UIButton+WebCache.m"; sourceTree = "<group>"; };
		D7AA098C199F3F33009F7A2D /* UIImage+GIF.h */ = {isa = PBXFileReference; fileEncoding = 4; lastKnownFileType = sourcecode.c.h; path = "UIImage+GIF.h"; sourceTree = "<group>"; };
		D7AA098D199F3F33009F7A2D /* UIImage+GIF.m */ = {isa = PBXFileReference; fileEncoding = 4; lastKnownFileType = sourcecode.c.objc; path = "UIImage+GIF.m"; sourceTree = "<group>"; };
		D7AA098E199F3F33009F7A2D /* UIImage+MultiFormat.h */ = {isa = PBXFileReference; fileEncoding = 4; lastKnownFileType = sourcecode.c.h; path = "UIImage+MultiFormat.h"; sourceTree = "<group>"; };
		D7AA098F199F3F33009F7A2D /* UIImage+MultiFormat.m */ = {isa = PBXFileReference; fileEncoding = 4; lastKnownFileType = sourcecode.c.objc; path = "UIImage+MultiFormat.m"; sourceTree = "<group>"; };
		D7AA0990199F3F33009F7A2D /* UIImage+WebP.h */ = {isa = PBXFileReference; fileEncoding = 4; lastKnownFileType = sourcecode.c.h; path = "UIImage+WebP.h"; sourceTree = "<group>"; };
		D7AA0991199F3F33009F7A2D /* UIImage+WebP.m */ = {isa = PBXFileReference; fileEncoding = 4; lastKnownFileType = sourcecode.c.objc; path = "UIImage+WebP.m"; sourceTree = "<group>"; };
		D7AA0992199F3F33009F7A2D /* UIImageView+WebCache.h */ = {isa = PBXFileReference; fileEncoding = 4; lastKnownFileType = sourcecode.c.h; path = "UIImageView+WebCache.h"; sourceTree = "<group>"; };
		D7AA0993199F3F33009F7A2D /* UIImageView+WebCache.m */ = {isa = PBXFileReference; fileEncoding = 4; lastKnownFileType = sourcecode.c.objc; path = "UIImageView+WebCache.m"; sourceTree = "<group>"; };
		D7D7ACD119849F78007A0EDF /* APIUrl.h */ = {isa = PBXFileReference; lastKnownFileType = sourcecode.c.h; path = APIUrl.h; sourceTree = "<group>"; };
		D7D7ACD21984A040007A0EDF /* BaseApiClient.h */ = {isa = PBXFileReference; fileEncoding = 4; lastKnownFileType = sourcecode.c.h; path = BaseApiClient.h; sourceTree = "<group>"; };
		D7D7ACD31984A040007A0EDF /* BaseApiClient.m */ = {isa = PBXFileReference; fileEncoding = 4; lastKnownFileType = sourcecode.c.objc; path = BaseApiClient.m; sourceTree = "<group>"; };
		D7E364E919925A92008DD2D6 /* BaseViewController.h */ = {isa = PBXFileReference; fileEncoding = 4; lastKnownFileType = sourcecode.c.h; path = BaseViewController.h; sourceTree = "<group>"; };
		D7E364EA19925A92008DD2D6 /* BaseViewController.m */ = {isa = PBXFileReference; fileEncoding = 4; lastKnownFileType = sourcecode.c.objc; path = BaseViewController.m; sourceTree = "<group>"; };
		D7E364EC19925BB5008DD2D6 /* UIDevice+MYDevice.h */ = {isa = PBXFileReference; fileEncoding = 4; lastKnownFileType = sourcecode.c.h; path = "UIDevice+MYDevice.h"; sourceTree = "<group>"; };
		D7E364ED19925BB5008DD2D6 /* UIDevice+MYDevice.m */ = {isa = PBXFileReference; fileEncoding = 4; lastKnownFileType = sourcecode.c.objc; path = "UIDevice+MYDevice.m"; sourceTree = "<group>"; };
		D7E364EF19925DCA008DD2D6 /* MainViewController.h */ = {isa = PBXFileReference; fileEncoding = 4; lastKnownFileType = sourcecode.c.h; path = MainViewController.h; sourceTree = "<group>"; };
		D7E364F019925DCA008DD2D6 /* MainViewController.m */ = {isa = PBXFileReference; fileEncoding = 4; lastKnownFileType = sourcecode.c.objc; path = MainViewController.m; sourceTree = "<group>"; };
		D7E364F319926732008DD2D6 /* MainViewController.xib */ = {isa = PBXFileReference; fileEncoding = 4; lastKnownFileType = file.xib; path = MainViewController.xib; sourceTree = "<group>"; };
		D7E364F519926767008DD2D6 /* MainViewController_Retina4.xib */ = {isa = PBXFileReference; fileEncoding = 4; lastKnownFileType = file.xib; path = MainViewController_Retina4.xib; sourceTree = "<group>"; };
		D7FFF3661997139C00BDAD88 /* HomeNavInitial.h */ = {isa = PBXFileReference; fileEncoding = 4; lastKnownFileType = sourcecode.c.h; path = HomeNavInitial.h; sourceTree = "<group>"; };
		D7FFF3671997139C00BDAD88 /* HomeNavInitial.m */ = {isa = PBXFileReference; fileEncoding = 4; lastKnownFileType = sourcecode.c.objc; path = HomeNavInitial.m; sourceTree = "<group>"; };
		D7FFF371199774EC00BDAD88 /* BaseNavigationViewController.h */ = {isa = PBXFileReference; fileEncoding = 4; lastKnownFileType = sourcecode.c.h; path = BaseNavigationViewController.h; sourceTree = "<group>"; };
		D7FFF372199774EC00BDAD88 /* BaseNavigationViewController.m */ = {isa = PBXFileReference; fileEncoding = 4; lastKnownFileType = sourcecode.c.objc; path = BaseNavigationViewController.m; sourceTree = "<group>"; };
		D7FFF37419977F0400BDAD88 /* BusinessViewController.h */ = {isa = PBXFileReference; fileEncoding = 4; lastKnownFileType = sourcecode.c.h; path = BusinessViewController.h; sourceTree = "<group>"; };
		D7FFF37519977F0400BDAD88 /* BusinessViewController.m */ = {isa = PBXFileReference; fileEncoding = 4; lastKnownFileType = sourcecode.c.objc; path = BusinessViewController.m; sourceTree = "<group>"; };
		D7FFF3771997A7B100BDAD88 /* JobFlowViewController.h */ = {isa = PBXFileReference; fileEncoding = 4; lastKnownFileType = sourcecode.c.h; path = JobFlowViewController.h; sourceTree = "<group>"; };
		D7FFF3781997A7B100BDAD88 /* JobFlowViewController.m */ = {isa = PBXFileReference; fileEncoding = 4; lastKnownFileType = sourcecode.c.objc; path = JobFlowViewController.m; sourceTree = "<group>"; };
		D7FFF37A1997ABA100BDAD88 /* HumanResourceViewController.h */ = {isa = PBXFileReference; fileEncoding = 4; lastKnownFileType = sourcecode.c.h; path = HumanResourceViewController.h; sourceTree = "<group>"; };
		D7FFF37B1997ABA100BDAD88 /* HumanResourceViewController.m */ = {isa = PBXFileReference; fileEncoding = 4; lastKnownFileType = sourcecode.c.objc; path = HumanResourceViewController.m; sourceTree = "<group>"; };
		D7FFF37D1997ABBC00BDAD88 /* AttendanceViewController.h */ = {isa = PBXFileReference; fileEncoding = 4; lastKnownFileType = sourcecode.c.h; path = AttendanceViewController.h; sourceTree = "<group>"; };
		D7FFF37E1997ABBC00BDAD88 /* AttendanceViewController.m */ = {isa = PBXFileReference; fileEncoding = 4; lastKnownFileType = sourcecode.c.objc; path = AttendanceViewController.m; sourceTree = "<group>"; };
		D7FFF3801997ABD100BDAD88 /* MyScheduleViewController.h */ = {isa = PBXFileReference; fileEncoding = 4; lastKnownFileType = sourcecode.c.h; path = MyScheduleViewController.h; sourceTree = "<group>"; };
		D7FFF3811997ABD100BDAD88 /* MyScheduleViewController.m */ = {isa = PBXFileReference; fileEncoding = 4; lastKnownFileType = sourcecode.c.objc; path = MyScheduleViewController.m; sourceTree = "<group>"; };
		D7FFF3831997ABE800BDAD88 /* NotificationViewController.h */ = {isa = PBXFileReference; fileEncoding = 4; lastKnownFileType = sourcecode.c.h; path = NotificationViewController.h; sourceTree = "<group>"; };
		D7FFF3841997ABE800BDAD88 /* NotificationViewController.m */ = {isa = PBXFileReference; fileEncoding = 4; lastKnownFileType = sourcecode.c.objc; path = NotificationViewController.m; sourceTree = "<group>"; };
		D7FFF3861997ABFD00BDAD88 /* PerformanceViewController.h */ = {isa = PBXFileReference; fileEncoding = 4; lastKnownFileType = sourcecode.c.h; path = PerformanceViewController.h; sourceTree = "<group>"; };
		D7FFF3871997ABFD00BDAD88 /* PerformanceViewController.m */ = {isa = PBXFileReference; fileEncoding = 4; lastKnownFileType = sourcecode.c.objc; path = PerformanceViewController.m; sourceTree = "<group>"; };
		D7FFF3891997AC1500BDAD88 /* SalaryManageViewController.h */ = {isa = PBXFileReference; fileEncoding = 4; lastKnownFileType = sourcecode.c.h; path = SalaryManageViewController.h; sourceTree = "<group>"; };
		D7FFF38A1997AC1500BDAD88 /* SalaryManageViewController.m */ = {isa = PBXFileReference; fileEncoding = 4; lastKnownFileType = sourcecode.c.objc; path = SalaryManageViewController.m; sourceTree = "<group>"; };
		D7FFF38C1997AC2E00BDAD88 /* OthersViewController.h */ = {isa = PBXFileReference; fileEncoding = 4; lastKnownFileType = sourcecode.c.h; path = OthersViewController.h; sourceTree = "<group>"; };
		D7FFF38D1997AC2E00BDAD88 /* OthersViewController.m */ = {isa = PBXFileReference; fileEncoding = 4; lastKnownFileType = sourcecode.c.objc; path = OthersViewController.m; sourceTree = "<group>"; };
/* End PBXFileReference section */

/* Begin PBXFrameworksBuildPhase section */
		D711E029198405D7007D9C20 /* Frameworks */ = {
			isa = PBXFrameworksBuildPhase;
			buildActionMask = 2147483647;
			files = (
				D78FD8CC19A2413500864AF1 /* libsqlite3.0.dylib in Frameworks */,
				D711E032198405D7007D9C20 /* CoreGraphics.framework in Frameworks */,
				D711E034198405D7007D9C20 /* UIKit.framework in Frameworks */,
				D711E030198405D7007D9C20 /* Foundation.framework in Frameworks */,
				AB57BDCB07BD40BFA52F820C /* libPods.a in Frameworks */,
			);
			runOnlyForDeploymentPostprocessing = 0;
		};
		D711E044198405D8007D9C20 /* Frameworks */ = {
			isa = PBXFrameworksBuildPhase;
			buildActionMask = 2147483647;
			files = (
				D711E049198405D8007D9C20 /* XCTest.framework in Frameworks */,
				D711E04B198405D8007D9C20 /* UIKit.framework in Frameworks */,
				D711E04A198405D8007D9C20 /* Foundation.framework in Frameworks */,
			);
			runOnlyForDeploymentPostprocessing = 0;
		};
/* End PBXFrameworksBuildPhase section */

/* Begin PBXGroup section */
		D711E023198405D7007D9C20 = {
			isa = PBXGroup;
			children = (
				D711E035198405D7007D9C20 /* NSApp */,
				D711E04E198405D8007D9C20 /* NSAppTests */,
				D711E02E198405D7007D9C20 /* Frameworks */,
				D711E02D198405D7007D9C20 /* Products */,
				0F4237392C4F46B2A9650BBF /* Pods.xcconfig */,
			);
			sourceTree = "<group>";
		};
		D711E02D198405D7007D9C20 /* Products */ = {
			isa = PBXGroup;
			children = (
				D711E02C198405D7007D9C20 /* NSApp.app */,
				D711E047198405D8007D9C20 /* NSAppTests.xctest */,
			);
			name = Products;
			sourceTree = "<group>";
		};
		D711E02E198405D7007D9C20 /* Frameworks */ = {
			isa = PBXGroup;
			children = (
				D78FD8CB19A2413500864AF1 /* libsqlite3.0.dylib */,
				D711E02F198405D7007D9C20 /* Foundation.framework */,
				D711E031198405D7007D9C20 /* CoreGraphics.framework */,
				D711E033198405D7007D9C20 /* UIKit.framework */,
				D711E048198405D8007D9C20 /* XCTest.framework */,
				176CBBA455AA4CB3A19C183E /* libPods.a */,
			);
			name = Frameworks;
			sourceTree = "<group>";
		};
		D711E035198405D7007D9C20 /* NSApp */ = {
			isa = PBXGroup;
			children = (
				D7A86EB8199314DC009CE098 /* Resouces */,
				D7D7ACCA198495FE007A0EDF /* Model */,
				D7D7ACCB198495FE007A0EDF /* Service */,
				D7D7ACCC198495FE007A0EDF /* Uitils */,
				D7D7ACCD198495FE007A0EDF /* Views */,
				D711E03E198405D8007D9C20 /* AppDelegate.h */,
				D711E03F198405D8007D9C20 /* AppDelegate.m */,
				D711E041198405D8007D9C20 /* Images.xcassets */,
				D711E036198405D7007D9C20 /* Supporting Files */,
				D79C58FC19890CA900BF0DB7 /* Config.h */,
				D79C58FD19890CA900BF0DB7 /* Config.m */,
			);
			path = NSApp;
			sourceTree = "<group>";
		};
		D711E036198405D7007D9C20 /* Supporting Files */ = {
			isa = PBXGroup;
			children = (
				D752051F19A8727200323106 /* OA.bundle */,
				D711E037198405D7007D9C20 /* NSApp-Info.plist */,
				D711E038198405D8007D9C20 /* InfoPlist.strings */,
				D711E03B198405D8007D9C20 /* main.m */,
				D711E03D198405D8007D9C20 /* NSApp-Prefix.pch */,
			);
			name = "Supporting Files";
			sourceTree = "<group>";
		};
		D711E04E198405D8007D9C20 /* NSAppTests */ = {
			isa = PBXGroup;
			children = (
				D711E054198405D8007D9C20 /* NSAppTests.m */,
				D711E04F198405D8007D9C20 /* Supporting Files */,
			);
			path = NSAppTests;
			sourceTree = "<group>";
		};
		D711E04F198405D8007D9C20 /* Supporting Files */ = {
			isa = PBXGroup;
			children = (
				D711E050198405D8007D9C20 /* NSAppTests-Info.plist */,
				D711E051198405D8007D9C20 /* InfoPlist.strings */,
			);
			name = "Supporting Files";
			sourceTree = "<group>";
		};
		D75204F319A848FF00323106 /* TWRCharts */ = {
			isa = PBXGroup;
			children = (
				D75204F619A848FF00323106 /* TWRBarChart.h */,
				D75204F719A848FF00323106 /* TWRBarChart.m */,
				D75204F819A848FF00323106 /* TWRChart.h */,
				D75204F919A848FF00323106 /* TWRChartBuilder.h */,
				D75204FA19A848FF00323106 /* TWRChartBuilder.m */,
				D75204FD19A848FF00323106 /* TWRCircularChart.h */,
				D75204FE19A848FF00323106 /* TWRCircularChart.m */,
				D75204FF19A848FF00323106 /* TWRDataSet+Strings.h */,
				D752050019A848FF00323106 /* TWRDataSet+Strings.m */,
				D752050119A848FF00323106 /* TWRDataSet.h */,
				D752050219A848FF00323106 /* TWRDataSet.m */,
				D752050319A848FF00323106 /* TWRLineChart.h */,
				D752050419A848FF00323106 /* TWRLineChart.m */,
				D752050519A848FF00323106 /* UIColor+HexString.h */,
				D752050619A848FF00323106 /* UIColor+HexString.m */,
				D752051119A8493A00323106 /* TWRViewController.h */,
				D752051219A8493A00323106 /* TWRViewController.m */,
				D752051419A84A5400323106 /* TWRChartView.h */,
				D752051519A84A5400323106 /* TWRChartView.m */,
			);
			path = TWRCharts;
			sourceTree = "<group>";
		};
		D79C58FF1989369F00BF0DB7 /* Commons */ = {
			isa = PBXGroup;
			children = (
				D79C59031989374900BF0DB7 /* MBProgressHUD.h */,
				D79C59041989374900BF0DB7 /* MBProgressHUD.m */,
				D79C5900198936B900BF0DB7 /* MBProgressController.h */,
				D79C5901198936B900BF0DB7 /* MBProgressController.m */,
			);
			path = Commons;
			sourceTree = "<group>";
		};
		D79C5906198938B900BF0DB7 /* Localization */ = {
			isa = PBXGroup;
			children = (
				D79C5907198938B900BF0DB7 /* CustomLocalizedString.h */,
				D79C5908198938B900BF0DB7 /* CustomLocalizedString.m */,
				D79C5909198938B900BF0DB7 /* NSBundle+NSBundle_ReloadNib.h */,
				D79C590A198938B900BF0DB7 /* NSBundle+NSBundle_ReloadNib.m */,
			);
			path = Localization;
			sourceTree = "<group>";
		};
		D79C590D1989461C00BF0DB7 /* BasicItem */ = {
			isa = PBXGroup;
			children = (
				D79C590E1989461C00BF0DB7 /* BasicDbItem+DBOperationHelper.h */,
				D79C590F1989461C00BF0DB7 /* BasicDbItem+DBOperationHelper.m */,
				D79C59101989461C00BF0DB7 /* BasicDbItem.h */,
				D79C59111989461C00BF0DB7 /* BasicDbItem.m */,
			);
			path = BasicItem;
			sourceTree = "<group>";
		};
		D79C59141989468200BF0DB7 /* AppDbOperation */ = {
			isa = PBXGroup;
			children = (
				D79C59151989468200BF0DB7 /* BaseDBService.h */,
				D79C59161989468200BF0DB7 /* BaseDBService.m */,
			);
			path = AppDbOperation;
			sourceTree = "<group>";
		};
		D7A1EEFD19A38B1800827CDB /* buttom_DealViews */ = {
			isa = PBXGroup;
			children = (
				D7A1EF0019A38B5300827CDB /* DealViewController.h */,
				D7A1EF0119A38B5300827CDB /* DealViewController.m */,
			);
			path = buttom_DealViews;
			sourceTree = "<group>";
		};
		D7A1EEFE19A38B1800827CDB /* buttom_NewsViews */ = {
			isa = PBXGroup;
			children = (
				D7A1EF0319A38B6D00827CDB /* MessagesViewController.h */,
				D7A1EF0419A38B6D00827CDB /* MessagesViewController.m */,
			);
			path = buttom_NewsViews;
			sourceTree = "<group>";
		};
		D7A1EEFF19A38B1800827CDB /* buttom_SettingViews */ = {
			isa = PBXGroup;
			children = (
				D7A1EF0619A38B8500827CDB /* SettingViewController.h */,
				D7A1EF0719A38B8500827CDB /* SettingViewController.m */,
			);
			path = buttom_SettingViews;
			sourceTree = "<group>";
		};
		D7A848591998EF92009717E7 /* EGORefreshTable */ = {
			isa = PBXGroup;
			children = (
				D7A8486419990D29009717E7 /* ListViewController.h */,
				D7A8486519990D29009717E7 /* ListViewController.m */,
				D7A8485A1998EF92009717E7 /* EGORefreshTableFooterView.h */,
				D7A8485B1998EF92009717E7 /* EGORefreshTableFooterView.m */,
				D7A8485C1998EF92009717E7 /* EGORefreshTableHeaderView.h */,
				D7A8485D1998EF92009717E7 /* EGORefreshTableHeaderView.m */,
			);
			path = EGORefreshTable;
			sourceTree = "<group>";
		};
		D7A848601998F343009717E7 /* ColorWithHex */ = {
			isa = PBXGroup;
			children = (
				D7A848611998F343009717E7 /* colorWithHex.h */,
				D7A848621998F343009717E7 /* colorWithHex.m */,
			);
			path = ColorWithHex;
			sourceTree = "<group>";
		};
		D7A86EB8199314DC009CE098 /* Resouces */ = {
			isa = PBXGroup;
			children = (
				D7A86EC01993249D009CE098 /* ModuleListManage */,
				D7A86EB9199314DC009CE098 /* Images */,
			);
			path = Resouces;
			sourceTree = "<group>";
		};
		D7A86EB9199314DC009CE098 /* Images */ = {
			isa = PBXGroup;
			children = (
				D7A86EBA1993166A009CE098 /* icon_.png */,
				D7A86EBB1993166A009CE098 /* icon_@2x.png */,
				D7A86EBC1993166A009CE098 /* icon_retina4.png */,
			);
			path = Images;
			sourceTree = "<group>";
		};
		D7A86EC01993249D009CE098 /* ModuleListManage */ = {
			isa = PBXGroup;
			children = (
				D7A86EC119932C67009CE098 /* ModuleList.plist */,
			);
			path = ModuleListManage;
			sourceTree = "<group>";
		};
		D7A86EC319939D80009CE098 /* LoginView */ = {
			isa = PBXGroup;
			children = (
				D7A86EC419939DB5009CE098 /* LoginViewController.h */,
				D7A86EC519939DB5009CE098 /* LoginViewController.m */,
				D7A86EC71993AAC2009CE098 /* MyTextField.h */,
				D7A86EC81993AAC2009CE098 /* MyTextField.m */,
			);
			path = LoginView;
			sourceTree = "<group>";
		};
		D7A99CD91987D49C002D64A1 /* SystemInfo */ = {
			isa = PBXGroup;
			children = (
				D7A99CE11987DB0F002D64A1 /* KeychainItemWrapper.h */,
				D7A99CE21987DB0F002D64A1 /* KeychainItemWrapper.m */,
				D7A99CDA1987D4BD002D64A1 /* SystemInfo.h */,
				D7A99CDB1987D4BD002D64A1 /* SystemInfo.m */,
			);
			path = SystemInfo;
			sourceTree = "<group>";
		};
		D7A99CDD1987D975002D64A1 /* OC Extention */ = {
			isa = PBXGroup;
			children = (
				D7A9A5031989044A00329BED /* NSObject+propertyList.h */,
				D7A9A5041989044A00329BED /* NSObject+propertyList.m */,
				D7A99CDE1987D996002D64A1 /* NSString+MD5Addtion.h */,
				D7A99CDF1987D996002D64A1 /* NSString+MD5Addtion.m */,
				D7E364EC19925BB5008DD2D6 /* UIDevice+MYDevice.h */,
				D7E364ED19925BB5008DD2D6 /* UIDevice+MYDevice.m */,
			);
			path = "OC Extention";
			sourceTree = "<group>";
		};
		D7A99CE41987DECE002D64A1 /* BusinessItem */ = {
			isa = PBXGroup;
			children = (
			);
			path = BusinessItem;
			sourceTree = "<group>";
		};
		D7A99CE51987DEE0002D64A1 /* BusinessServ */ = {
			isa = PBXGroup;
			children = (
			);
			path = BusinessServ;
			sourceTree = "<group>";
		};
		D7A99CE61987DEEB002D64A1 /* BusinessViews */ = {
			isa = PBXGroup;
			children = (
				D7FFF37419977F0400BDAD88 /* BusinessViewController.h */,
				D7FFF37519977F0400BDAD88 /* BusinessViewController.m */,
			);
			path = BusinessViews;
			sourceTree = "<group>";
		};
		D7A9A4FF1989033000329BED /* LoginItem */ = {
			isa = PBXGroup;
			children = (
				D7A9A5001989034600329BED /* LoginItem.h */,
				D7A9A5011989034600329BED /* LoginItem.m */,
			);
			path = LoginItem;
			sourceTree = "<group>";
		};
		D7A9FDA619867A39002DC6F9 /* Compress */ = {
			isa = PBXGroup;
			children = (
				D7A9FDA719867A39002DC6F9 /* API.h */,
				D7A9FDA819867A39002DC6F9 /* API.m */,
				D7A9FDA919867A39002DC6F9 /* Base64.h */,
				D7A9FDAA19867A39002DC6F9 /* Base64.m */,
				D7A9FDAB19867A39002DC6F9 /* Base64Defines.h */,
				D7A9FDAC19867A39002DC6F9 /* DESObject.h */,
				D7A9FDAD19867A39002DC6F9 /* DESObject.m */,
				D7A9FDAE19867A39002DC6F9 /* NSString+MLExtensions.h */,
				D7A9FDAF19867A39002DC6F9 /* NSString+MLExtensions.m */,
				D7A9FDB019867A39002DC6F9 /* ZipArchive.h */,
				D7A9FDB119867A39002DC6F9 /* ZipArchive.mm */,
			);
			path = Compress;
			sourceTree = "<group>";
		};
		D7A9FDBB19868F36002DC6F9 /* Login */ = {
			isa = PBXGroup;
			children = (
				D7A9FDBC19868F36002DC6F9 /* LoginService.h */,
				D7A9FDBD19868F36002DC6F9 /* LoginService.m */,
			);
			path = Login;
			sourceTree = "<group>";
		};
		D7AA0976199F3F33009F7A2D /* ImageCache */ = {
			isa = PBXGroup;
			children = (
				D7AA0977199F3F33009F7A2D /* MKAnnotationView+WebCache.h */,
				D7AA0978199F3F33009F7A2D /* MKAnnotationView+WebCache.m */,
				D7AA0979199F3F33009F7A2D /* NSData+GIF.h */,
				D7AA097A199F3F33009F7A2D /* NSData+GIF.m */,
				D7AA097B199F3F33009F7A2D /* SDImageCache.h */,
				D7AA097C199F3F33009F7A2D /* SDImageCache.m */,
				D7AA097D199F3F33009F7A2D /* SDWebImageCompat.h */,
				D7AA097E199F3F33009F7A2D /* SDWebImageCompat.m */,
				D7AA097F199F3F33009F7A2D /* SDWebImageDecoder.h */,
				D7AA0980199F3F33009F7A2D /* SDWebImageDecoder.m */,
				D7AA0981199F3F33009F7A2D /* SDWebImageDownloader.h */,
				D7AA0982199F3F33009F7A2D /* SDWebImageDownloader.m */,
				D7AA0983199F3F33009F7A2D /* SDWebImageDownloaderOperation.h */,
				D7AA0984199F3F33009F7A2D /* SDWebImageDownloaderOperation.m */,
				D7AA0985199F3F33009F7A2D /* SDWebImageManager.h */,
				D7AA0986199F3F33009F7A2D /* SDWebImageManager.m */,
				D7AA0987199F3F33009F7A2D /* SDWebImageOperation.h */,
				D7AA0988199F3F33009F7A2D /* SDWebImagePrefetcher.h */,
				D7AA0989199F3F33009F7A2D /* SDWebImagePrefetcher.m */,
				D7AA098A199F3F33009F7A2D /* UIButton+WebCache.h */,
				D7AA098B199F3F33009F7A2D /* UIButton+WebCache.m */,
				D7AA098C199F3F33009F7A2D /* UIImage+GIF.h */,
				D7AA098D199F3F33009F7A2D /* UIImage+GIF.m */,
				D7AA098E199F3F33009F7A2D /* UIImage+MultiFormat.h */,
				D7AA098F199F3F33009F7A2D /* UIImage+MultiFormat.m */,
				D7AA0990199F3F33009F7A2D /* UIImage+WebP.h */,
				D7AA0991199F3F33009F7A2D /* UIImage+WebP.m */,
				D7AA0992199F3F33009F7A2D /* UIImageView+WebCache.h */,
				D7AA0993199F3F33009F7A2D /* UIImageView+WebCache.m */,
			);
			path = ImageCache;
			sourceTree = "<group>";
		};
		D7D7ACCA198495FE007A0EDF /* Model */ = {
			isa = PBXGroup;
			children = (
				D79C590D1989461C00BF0DB7 /* BasicItem */,
				D7A9A4FF1989033000329BED /* LoginItem */,
				D7A99CE41987DECE002D64A1 /* BusinessItem */,
			);
			path = Model;
			sourceTree = "<group>";
		};
		D7D7ACCB198495FE007A0EDF /* Service */ = {
			isa = PBXGroup;
			children = (
				D7A99CE51987DEE0002D64A1 /* BusinessServ */,
				D7A9FDBB19868F36002DC6F9 /* Login */,
			);
			path = Service;
			sourceTree = "<group>";
		};
		D7D7ACCC198495FE007A0EDF /* Uitils */ = {
			isa = PBXGroup;
			children = (
				D75204F319A848FF00323106 /* TWRCharts */,
				D7AA0976199F3F33009F7A2D /* ImageCache */,
				D7A848601998F343009717E7 /* ColorWithHex */,
				D7A848591998EF92009717E7 /* EGORefreshTable */,
				D7E364E719925A81008DD2D6 /* BaseViews */,
				D79C59141989468200BF0DB7 /* AppDbOperation */,
				D79C5906198938B900BF0DB7 /* Localization */,
				D79C58FF1989369F00BF0DB7 /* Commons */,
				D7A99CDD1987D975002D64A1 /* OC Extention */,
				D7A99CD91987D49C002D64A1 /* SystemInfo */,
				D7A9FDA619867A39002DC6F9 /* Compress */,
				D7D7ACCE198496F9007A0EDF /* NetWork */,
				D7A9A506198906D900329BED /* util.h */,
				D7A9A507198906D900329BED /* util.m */,
			);
			path = Uitils;
			sourceTree = "<group>";
		};
		D7D7ACCD198495FE007A0EDF /* Views */ = {
			isa = PBXGroup;
			children = (
				D7A1EEFD19A38B1800827CDB /* buttom_DealViews */,
				D7A1EEFE19A38B1800827CDB /* buttom_NewsViews */,
				D7A1EEFF19A38B1800827CDB /* buttom_SettingViews */,
				D7FFF3691997164800BDAD88 /* AttendanceViews */,
				D7FFF36A1997164800BDAD88 /* HumanResourceViews */,
				D7FFF36B1997164800BDAD88 /* JobFlowViews */,
				D7FFF36C1997164800BDAD88 /* MyScheduleViews */,
				D7FFF36D1997164800BDAD88 /* NotificationViews */,
				D7FFF36E1997164800BDAD88 /* OthersViews */,
				D7FFF36F1997164800BDAD88 /* PerformanceViews */,
				D7FFF3701997164800BDAD88 /* SalaryManageViews */,
				D7FFF3651997134C00BDAD88 /* HomeInit */,
				D7A86EC319939D80009CE098 /* LoginView */,
				D7E364E519925980008DD2D6 /* MainViewController */,
				D7A99CE61987DEEB002D64A1 /* BusinessViews */,
			);
			path = Views;
			sourceTree = "<group>";
		};
		D7D7ACCE198496F9007A0EDF /* NetWork */ = {
			isa = PBXGroup;
			children = (
				D7D7ACCF19849ECC007A0EDF /* Base */,
				D7D7ACD019849ECC007A0EDF /* Cache */,
			);
			path = NetWork;
			sourceTree = "<group>";
		};
		D7D7ACCF19849ECC007A0EDF /* Base */ = {
			isa = PBXGroup;
			children = (
				D7D7ACD119849F78007A0EDF /* APIUrl.h */,
				D7D7ACD21984A040007A0EDF /* BaseApiClient.h */,
				D7D7ACD31984A040007A0EDF /* BaseApiClient.m */,
			);
			path = Base;
			sourceTree = "<group>";
		};
		D7D7ACD019849ECC007A0EDF /* Cache */ = {
			isa = PBXGroup;
			children = (
				D7AA0973199F3947009F7A2D /* RequestCacheService.h */,
				D7AA0974199F3947009F7A2D /* RequestCacheService.m */,
			);
			path = Cache;
			sourceTree = "<group>";
		};
		D7E364E519925980008DD2D6 /* MainViewController */ = {
			isa = PBXGroup;
			children = (
				D7E364F2199266EB008DD2D6 /* MainViewXiB */,
				D7E364EF19925DCA008DD2D6 /* MainViewController.h */,
				D7E364F019925DCA008DD2D6 /* MainViewController.m */,
			);
			path = MainViewController;
			sourceTree = "<group>";
		};
		D7E364E719925A81008DD2D6 /* BaseViews */ = {
			isa = PBXGroup;
			children = (
				D7E364E819925A81008DD2D6 /* BaseViewController */,
			);
			path = BaseViews;
			sourceTree = "<group>";
		};
		D7E364E819925A81008DD2D6 /* BaseViewController */ = {
			isa = PBXGroup;
			children = (
				D7E364E919925A92008DD2D6 /* BaseViewController.h */,
				D7E364EA19925A92008DD2D6 /* BaseViewController.m */,
				D7FFF371199774EC00BDAD88 /* BaseNavigationViewController.h */,
				D7FFF372199774EC00BDAD88 /* BaseNavigationViewController.m */,
			);
			path = BaseViewController;
			sourceTree = "<group>";
		};
		D7E364F2199266EB008DD2D6 /* MainViewXiB */ = {
			isa = PBXGroup;
			children = (
				D7E364F319926732008DD2D6 /* MainViewController.xib */,
				D7E364F519926767008DD2D6 /* MainViewController_Retina4.xib */,
			);
			path = MainViewXiB;
			sourceTree = "<group>";
		};
		D7FFF3651997134C00BDAD88 /* HomeInit */ = {
			isa = PBXGroup;
			children = (
				D7FFF3661997139C00BDAD88 /* HomeNavInitial.h */,
				D7FFF3671997139C00BDAD88 /* HomeNavInitial.m */,
				D7A1EEFA19A382E600827CDB /* BootViewController.h */,
				D7A1EEFB19A382E600827CDB /* BootViewController.m */,
			);
			path = HomeInit;
			sourceTree = "<group>";
		};
		D7FFF3691997164800BDAD88 /* AttendanceViews */ = {
			isa = PBXGroup;
			children = (
				D7FFF37D1997ABBC00BDAD88 /* AttendanceViewController.h */,
				D7FFF37E1997ABBC00BDAD88 /* AttendanceViewController.m */,
			);
			path = AttendanceViews;
			sourceTree = "<group>";
		};
		D7FFF36A1997164800BDAD88 /* HumanResourceViews */ = {
			isa = PBXGroup;
			children = (
				D7FFF37A1997ABA100BDAD88 /* HumanResourceViewController.h */,
				D7FFF37B1997ABA100BDAD88 /* HumanResourceViewController.m */,
			);
			path = HumanResourceViews;
			sourceTree = "<group>";
		};
		D7FFF36B1997164800BDAD88 /* JobFlowViews */ = {
			isa = PBXGroup;
			children = (
				D7FFF3771997A7B100BDAD88 /* JobFlowViewController.h */,
				D7FFF3781997A7B100BDAD88 /* JobFlowViewController.m */,
			);
			path = JobFlowViews;
			sourceTree = "<group>";
		};
		D7FFF36C1997164800BDAD88 /* MyScheduleViews */ = {
			isa = PBXGroup;
			children = (
				D7FFF3801997ABD100BDAD88 /* MyScheduleViewController.h */,
				D7FFF3811997ABD100BDAD88 /* MyScheduleViewController.m */,
			);
			path = MyScheduleViews;
			sourceTree = "<group>";
		};
		D7FFF36D1997164800BDAD88 /* NotificationViews */ = {
			isa = PBXGroup;
			children = (
				D7FFF3831997ABE800BDAD88 /* NotificationViewController.h */,
				D7FFF3841997ABE800BDAD88 /* NotificationViewController.m */,
			);
			path = NotificationViews;
			sourceTree = "<group>";
		};
		D7FFF36E1997164800BDAD88 /* OthersViews */ = {
			isa = PBXGroup;
			children = (
				D7FFF38C1997AC2E00BDAD88 /* OthersViewController.h */,
				D7FFF38D1997AC2E00BDAD88 /* OthersViewController.m */,
			);
			path = OthersViews;
			sourceTree = "<group>";
		};
		D7FFF36F1997164800BDAD88 /* PerformanceViews */ = {
			isa = PBXGroup;
			children = (
				D7FFF3861997ABFD00BDAD88 /* PerformanceViewController.h */,
				D7FFF3871997ABFD00BDAD88 /* PerformanceViewController.m */,
			);
			path = PerformanceViews;
			sourceTree = "<group>";
		};
		D7FFF3701997164800BDAD88 /* SalaryManageViews */ = {
			isa = PBXGroup;
			children = (
				D7FFF3891997AC1500BDAD88 /* SalaryManageViewController.h */,
				D7FFF38A1997AC1500BDAD88 /* SalaryManageViewController.m */,
			);
			path = SalaryManageViews;
			sourceTree = "<group>";
		};
/* End PBXGroup section */

/* Begin PBXNativeTarget section */
		D711E02B198405D7007D9C20 /* NSApp */ = {
			isa = PBXNativeTarget;
			buildConfigurationList = D711E058198405D8007D9C20 /* Build configuration list for PBXNativeTarget "NSApp" */;
			buildPhases = (
				6F36FC2DEAAE4F3ABFA3D07F /* Check Pods Manifest.lock */,
				D711E028198405D7007D9C20 /* Sources */,
				D711E029198405D7007D9C20 /* Frameworks */,
				D711E02A198405D7007D9C20 /* Resources */,
				1C28080E6B524E73AB2FD27B /* Copy Pods Resources */,
			);
			buildRules = (
			);
			dependencies = (
			);
			name = NSApp;
			productName = NSApp;
			productReference = D711E02C198405D7007D9C20 /* NSApp.app */;
			productType = "com.apple.product-type.application";
		};
		D711E046198405D8007D9C20 /* NSAppTests */ = {
			isa = PBXNativeTarget;
			buildConfigurationList = D711E05B198405D8007D9C20 /* Build configuration list for PBXNativeTarget "NSAppTests" */;
			buildPhases = (
				D711E043198405D8007D9C20 /* Sources */,
				D711E044198405D8007D9C20 /* Frameworks */,
				D711E045198405D8007D9C20 /* Resources */,
			);
			buildRules = (
			);
			dependencies = (
				D711E04D198405D8007D9C20 /* PBXTargetDependency */,
			);
			name = NSAppTests;
			productName = NSAppTests;
			productReference = D711E047198405D8007D9C20 /* NSAppTests.xctest */;
			productType = "com.apple.product-type.bundle.unit-test";
		};
/* End PBXNativeTarget section */

/* Begin PBXProject section */
		D711E024198405D7007D9C20 /* Project object */ = {
			isa = PBXProject;
			attributes = {
				LastUpgradeCheck = 0510;
				ORGANIZATIONNAME = "___NoisimStudio___";
				TargetAttributes = {
					D711E046198405D8007D9C20 = {
						TestTargetID = D711E02B198405D7007D9C20;
					};
				};
			};
			buildConfigurationList = D711E027198405D7007D9C20 /* Build configuration list for PBXProject "NSApp" */;
			compatibilityVersion = "Xcode 3.2";
			developmentRegion = English;
			hasScannedForEncodings = 0;
			knownRegions = (
				en,
			);
			mainGroup = D711E023198405D7007D9C20;
			productRefGroup = D711E02D198405D7007D9C20 /* Products */;
			projectDirPath = "";
			projectRoot = "";
			targets = (
				D711E02B198405D7007D9C20 /* NSApp */,
				D711E046198405D8007D9C20 /* NSAppTests */,
			);
		};
/* End PBXProject section */

/* Begin PBXResourcesBuildPhase section */
		D711E02A198405D7007D9C20 /* Resources */ = {
			isa = PBXResourcesBuildPhase;
			buildActionMask = 2147483647;
			files = (
				D711E03A198405D8007D9C20 /* InfoPlist.strings in Resources */,
				D7E364F619926767008DD2D6 /* MainViewController_Retina4.xib in Resources */,
				D7A86EBF1993166A009CE098 /* icon_retina4.png in Resources */,
				D7A86EBD1993166A009CE098 /* icon_.png in Resources */,
				D7A86EC219932C67009CE098 /* ModuleList.plist in Resources */,
				D711E042198405D8007D9C20 /* Images.xcassets in Resources */,
				D752052019A8727200323106 /* OA.bundle in Resources */,
				D7A86EBE1993166A009CE098 /* icon_@2x.png in Resources */,
				D7E364F419926732008DD2D6 /* MainViewController.xib in Resources */,
			);
			runOnlyForDeploymentPostprocessing = 0;
		};
		D711E045198405D8007D9C20 /* Resources */ = {
			isa = PBXResourcesBuildPhase;
			buildActionMask = 2147483647;
			files = (
				D711E053198405D8007D9C20 /* InfoPlist.strings in Resources */,
			);
			runOnlyForDeploymentPostprocessing = 0;
		};
/* End PBXResourcesBuildPhase section */

/* Begin PBXShellScriptBuildPhase section */
		1C28080E6B524E73AB2FD27B /* Copy Pods Resources */ = {
			isa = PBXShellScriptBuildPhase;
			buildActionMask = 2147483647;
			files = (
			);
			inputPaths = (
			);
			name = "Copy Pods Resources";
			outputPaths = (
			);
			runOnlyForDeploymentPostprocessing = 0;
			shellPath = /bin/sh;
			shellScript = "\"${SRCROOT}/Pods/Pods-resources.sh\"\n";
			showEnvVarsInLog = 0;
		};
		6F36FC2DEAAE4F3ABFA3D07F /* Check Pods Manifest.lock */ = {
			isa = PBXShellScriptBuildPhase;
			buildActionMask = 2147483647;
			files = (
			);
			inputPaths = (
			);
			name = "Check Pods Manifest.lock";
			outputPaths = (
			);
			runOnlyForDeploymentPostprocessing = 0;
			shellPath = /bin/sh;
			shellScript = "diff \"${PODS_ROOT}/../Podfile.lock\" \"${PODS_ROOT}/Manifest.lock\" > /dev/null\nif [[ $? != 0 ]] ; then\n    cat << EOM\nerror: The sandbox is not in sync with the Podfile.lock. Run 'pod install' or update your CocoaPods installation.\nEOM\n    exit 1\nfi\n";
			showEnvVarsInLog = 0;
		};
/* End PBXShellScriptBuildPhase section */

/* Begin PBXSourcesBuildPhase section */
		D711E028198405D7007D9C20 /* Sources */ = {
			isa = PBXSourcesBuildPhase;
			buildActionMask = 2147483647;
			files = (
				D7FFF38E1997AC2E00BDAD88 /* OthersViewController.m in Sources */,
				D79C59131989461C00BF0DB7 /* BasicDbItem.m in Sources */,
				D7FFF373199774EC00BDAD88 /* BaseNavigationViewController.m in Sources */,
				D7E364EE19925BB5008DD2D6 /* UIDevice+MYDevice.m in Sources */,
				D7D7ACD41984A040007A0EDF /* BaseApiClient.m in Sources */,
				D7AA099B199F3F33009F7A2D /* SDWebImageManager.m in Sources */,
				D7FFF3791997A7B100BDAD88 /* JobFlowViewController.m in Sources */,
				D7FFF3851997ABE800BDAD88 /* NotificationViewController.m in Sources */,
				D752050F19A848FF00323106 /* TWRLineChart.m in Sources */,
				D7AA0998199F3F33009F7A2D /* SDWebImageDecoder.m in Sources */,
				D7A99CE31987DB0F002D64A1 /* KeychainItemWrapper.m in Sources */,
				D7AA09A0199F3F33009F7A2D /* UIImage+WebP.m in Sources */,
				D752050A19A848FF00323106 /* TWRChartBuilder.m in Sources */,
				D7AA0994199F3F33009F7A2D /* MKAnnotationView+WebCache.m in Sources */,
				D7A86EC619939DB5009CE098 /* LoginViewController.m in Sources */,
				D711E040198405D8007D9C20 /* AppDelegate.m in Sources */,
				D79C59121989461C00BF0DB7 /* BasicDbItem+DBOperationHelper.m in Sources */,
				D7A8485F1998EF92009717E7 /* EGORefreshTableHeaderView.m in Sources */,
				D752051319A8493A00323106 /* TWRViewController.m in Sources */,
				D752051619A84A5400323106 /* TWRChartView.m in Sources */,
				D7AA0999199F3F33009F7A2D /* SDWebImageDownloader.m in Sources */,
				D7A99CDC1987D4BD002D64A1 /* SystemInfo.m in Sources */,
				D7A9A5021989034600329BED /* LoginItem.m in Sources */,
				D79C58FE19890CA900BF0DB7 /* Config.m in Sources */,
				D7A9A5051989044A00329BED /* NSObject+propertyList.m in Sources */,
				D79C590C198938B900BF0DB7 /* NSBundle+NSBundle_ReloadNib.m in Sources */,
				D79C590B198938B900BF0DB7 /* CustomLocalizedString.m in Sources */,
				D7E364EB19925A92008DD2D6 /* BaseViewController.m in Sources */,
				D7A8485E1998EF92009717E7 /* EGORefreshTableFooterView.m in Sources */,
				D7AA099F199F3F33009F7A2D /* UIImage+MultiFormat.m in Sources */,
				D7AA09A1199F3F33009F7A2D /* UIImageView+WebCache.m in Sources */,
				D7E364F119925DCA008DD2D6 /* MainViewController.m in Sources */,
				D7AA099D199F3F33009F7A2D /* UIButton+WebCache.m in Sources */,
				D7A86EC91993AAC2009CE098 /* MyTextField.m in Sources */,
				D7A1EF0519A38B6D00827CDB /* MessagesViewController.m in Sources */,
				D7AA099C199F3F33009F7A2D /* SDWebImagePrefetcher.m in Sources */,
				D79C59051989374900BF0DB7 /* MBProgressHUD.m in Sources */,
				D7A1EF0219A38B5300827CDB /* DealViewController.m in Sources */,
				D7FFF37F1997ABBC00BDAD88 /* AttendanceViewController.m in Sources */,
				D7AA0997199F3F33009F7A2D /* SDWebImageCompat.m in Sources */,
				D7A9FDB419867A39002DC6F9 /* DESObject.m in Sources */,
				D7A8486619990D29009717E7 /* ListViewController.m in Sources */,
				D7AA099E199F3F33009F7A2D /* UIImage+GIF.m in Sources */,
				D7AA0995199F3F33009F7A2D /* NSData+GIF.m in Sources */,
				D752050C19A848FF00323106 /* TWRCircularChart.m in Sources */,
				D711E03C198405D8007D9C20 /* main.m in Sources */,
				D7FFF3821997ABD100BDAD88 /* MyScheduleViewController.m in Sources */,
				D752051019A848FF00323106 /* UIColor+HexString.m in Sources */,
				D7A848631998F343009717E7 /* colorWithHex.m in Sources */,
				D7A9FDB319867A39002DC6F9 /* Base64.m in Sources */,
				D752050919A848FF00323106 /* TWRBarChart.m in Sources */,
				D7FFF38B1997AC1500BDAD88 /* SalaryManageViewController.m in Sources */,
				D7A1EF0819A38B8500827CDB /* SettingViewController.m in Sources */,
				D752050E19A848FF00323106 /* TWRDataSet.m in Sources */,
				D7FFF37C1997ABA100BDAD88 /* HumanResourceViewController.m in Sources */,
				D79C5902198936B900BF0DB7 /* MBProgressController.m in Sources */,
				D7A9FDB519867A39002DC6F9 /* NSString+MLExtensions.m in Sources */,
				D7FFF3881997ABFD00BDAD88 /* PerformanceViewController.m in Sources */,
				D7FFF3681997139C00BDAD88 /* HomeNavInitial.m in Sources */,
				D7A99CE01987D996002D64A1 /* NSString+MD5Addtion.m in Sources */,
				D7AA099A199F3F33009F7A2D /* SDWebImageDownloaderOperation.m in Sources */,
				D7A9FDBE19868F36002DC6F9 /* LoginService.m in Sources */,
				D79C59171989468200BF0DB7 /* BaseDBService.m in Sources */,
				D7A9FDB619867A39002DC6F9 /* ZipArchive.mm in Sources */,
				D7A9FDB219867A39002DC6F9 /* API.m in Sources */,
				D7FFF37619977F0400BDAD88 /* BusinessViewController.m in Sources */,
				D7A1EEFC19A382E600827CDB /* BootViewController.m in Sources */,
				D7AA0975199F3947009F7A2D /* RequestCacheService.m in Sources */,
				D7AA0996199F3F33009F7A2D /* SDImageCache.m in Sources */,
				D7A9A508198906D900329BED /* util.m in Sources */,
				D752050D19A848FF00323106 /* TWRDataSet+Strings.m in Sources */,
			);
			runOnlyForDeploymentPostprocessing = 0;
		};
		D711E043198405D8007D9C20 /* Sources */ = {
			isa = PBXSourcesBuildPhase;
			buildActionMask = 2147483647;
			files = (
				D711E055198405D8007D9C20 /* NSAppTests.m in Sources */,
			);
			runOnlyForDeploymentPostprocessing = 0;
		};
/* End PBXSourcesBuildPhase section */

/* Begin PBXTargetDependency section */
		D711E04D198405D8007D9C20 /* PBXTargetDependency */ = {
			isa = PBXTargetDependency;
			target = D711E02B198405D7007D9C20 /* NSApp */;
			targetProxy = D711E04C198405D8007D9C20 /* PBXContainerItemProxy */;
		};
/* End PBXTargetDependency section */

/* Begin PBXVariantGroup section */
		D711E038198405D8007D9C20 /* InfoPlist.strings */ = {
			isa = PBXVariantGroup;
			children = (
				D711E039198405D8007D9C20 /* en */,
			);
			name = InfoPlist.strings;
			sourceTree = "<group>";
		};
		D711E051198405D8007D9C20 /* InfoPlist.strings */ = {
			isa = PBXVariantGroup;
			children = (
				D711E052198405D8007D9C20 /* en */,
			);
			name = InfoPlist.strings;
			sourceTree = "<group>";
		};
/* End PBXVariantGroup section */

/* Begin XCBuildConfiguration section */
		D711E056198405D8007D9C20 /* Debug */ = {
			isa = XCBuildConfiguration;
			buildSettings = {
				ALWAYS_SEARCH_USER_PATHS = NO;
				CLANG_CXX_LANGUAGE_STANDARD = "gnu++0x";
				CLANG_CXX_LIBRARY = "libc++";
				CLANG_ENABLE_MODULES = YES;
				CLANG_ENABLE_OBJC_ARC = YES;
				CLANG_WARN_BOOL_CONVERSION = YES;
				CLANG_WARN_CONSTANT_CONVERSION = YES;
				CLANG_WARN_DIRECT_OBJC_ISA_USAGE = YES_ERROR;
				CLANG_WARN_EMPTY_BODY = YES;
				CLANG_WARN_ENUM_CONVERSION = YES;
				CLANG_WARN_INT_CONVERSION = YES;
				CLANG_WARN_OBJC_ROOT_CLASS = YES_ERROR;
				CLANG_WARN__DUPLICATE_METHOD_MATCH = YES;
				"CODE_SIGN_IDENTITY[sdk=iphoneos*]" = "iPhone Developer";
				COPY_PHASE_STRIP = NO;
				GCC_C_LANGUAGE_STANDARD = gnu99;
				GCC_DYNAMIC_NO_PIC = NO;
				GCC_OPTIMIZATION_LEVEL = 0;
				GCC_PREPROCESSOR_DEFINITIONS = (
					"DEBUG=1",
					"$(inherited)",
				);
				GCC_SYMBOLS_PRIVATE_EXTERN = NO;
				GCC_WARN_64_TO_32_BIT_CONVERSION = YES;
				GCC_WARN_ABOUT_RETURN_TYPE = YES_ERROR;
				GCC_WARN_UNDECLARED_SELECTOR = YES;
				GCC_WARN_UNINITIALIZED_AUTOS = YES_AGGRESSIVE;
				GCC_WARN_UNUSED_FUNCTION = YES;
				GCC_WARN_UNUSED_VARIABLE = YES;
				IPHONEOS_DEPLOYMENT_TARGET = 6.1;
				ONLY_ACTIVE_ARCH = YES;
				SDKROOT = iphoneos;
				TARGETED_DEVICE_FAMILY = "1,2";
			};
			name = Debug;
		};
		D711E057198405D8007D9C20 /* Release */ = {
			isa = XCBuildConfiguration;
			buildSettings = {
				ALWAYS_SEARCH_USER_PATHS = NO;
				CLANG_CXX_LANGUAGE_STANDARD = "gnu++0x";
				CLANG_CXX_LIBRARY = "libc++";
				CLANG_ENABLE_MODULES = YES;
				CLANG_ENABLE_OBJC_ARC = YES;
				CLANG_WARN_BOOL_CONVERSION = YES;
				CLANG_WARN_CONSTANT_CONVERSION = YES;
				CLANG_WARN_DIRECT_OBJC_ISA_USAGE = YES_ERROR;
				CLANG_WARN_EMPTY_BODY = YES;
				CLANG_WARN_ENUM_CONVERSION = YES;
				CLANG_WARN_INT_CONVERSION = YES;
				CLANG_WARN_OBJC_ROOT_CLASS = YES_ERROR;
				CLANG_WARN__DUPLICATE_METHOD_MATCH = YES;
				"CODE_SIGN_IDENTITY[sdk=iphoneos*]" = "iPhone Developer";
				COPY_PHASE_STRIP = YES;
				ENABLE_NS_ASSERTIONS = NO;
				GCC_C_LANGUAGE_STANDARD = gnu99;
				GCC_WARN_64_TO_32_BIT_CONVERSION = YES;
				GCC_WARN_ABOUT_RETURN_TYPE = YES_ERROR;
				GCC_WARN_UNDECLARED_SELECTOR = YES;
				GCC_WARN_UNINITIALIZED_AUTOS = YES_AGGRESSIVE;
				GCC_WARN_UNUSED_FUNCTION = YES;
				GCC_WARN_UNUSED_VARIABLE = YES;
				IPHONEOS_DEPLOYMENT_TARGET = 6.1;
				SDKROOT = iphoneos;
				TARGETED_DEVICE_FAMILY = "1,2";
				VALIDATE_PRODUCT = YES;
			};
			name = Release;
		};
		D711E059198405D8007D9C20 /* Debug */ = {
			isa = XCBuildConfiguration;
			baseConfigurationReference = 0F4237392C4F46B2A9650BBF /* Pods.xcconfig */;
			buildSettings = {
				ASSETCATALOG_COMPILER_APPICON_NAME = AppIcon;
				ASSETCATALOG_COMPILER_LAUNCHIMAGE_NAME = LaunchImage;
				GCC_PRECOMPILE_PREFIX_HEADER = YES;
				GCC_PREFIX_HEADER = "NSApp/NSApp-Prefix.pch";
				INFOPLIST_FILE = "NSApp/NSApp-Info.plist";
				PRODUCT_NAME = "$(TARGET_NAME)";
				WRAPPER_EXTENSION = app;
			};
			name = Debug;
		};
		D711E05A198405D8007D9C20 /* Release */ = {
			isa = XCBuildConfiguration;
			baseConfigurationReference = 0F4237392C4F46B2A9650BBF /* Pods.xcconfig */;
			buildSettings = {
				ASSETCATALOG_COMPILER_APPICON_NAME = AppIcon;
				ASSETCATALOG_COMPILER_LAUNCHIMAGE_NAME = LaunchImage;
				GCC_PRECOMPILE_PREFIX_HEADER = YES;
				GCC_PREFIX_HEADER = "NSApp/NSApp-Prefix.pch";
				INFOPLIST_FILE = "NSApp/NSApp-Info.plist";
				PRODUCT_NAME = "$(TARGET_NAME)";
				WRAPPER_EXTENSION = app;
			};
			name = Release;
		};
		D711E05C198405D8007D9C20 /* Debug */ = {
			isa = XCBuildConfiguration;
			buildSettings = {
				BUNDLE_LOADER = "$(BUILT_PRODUCTS_DIR)/NSApp.app/NSApp";
				FRAMEWORK_SEARCH_PATHS = (
					"$(SDKROOT)/Developer/Library/Frameworks",
					"$(inherited)",
					"$(DEVELOPER_FRAMEWORKS_DIR)",
				);
				GCC_PRECOMPILE_PREFIX_HEADER = YES;
				GCC_PREFIX_HEADER = "NSApp/NSApp-Prefix.pch";
				GCC_PREPROCESSOR_DEFINITIONS = (
					"DEBUG=1",
					"$(inherited)",
				);
				INFOPLIST_FILE = "NSAppTests/NSAppTests-Info.plist";
				PRODUCT_NAME = "$(TARGET_NAME)";
				TEST_HOST = "$(BUNDLE_LOADER)";
				WRAPPER_EXTENSION = xctest;
			};
			name = Debug;
		};
		D711E05D198405D8007D9C20 /* Release */ = {
			isa = XCBuildConfiguration;
			buildSettings = {
				BUNDLE_LOADER = "$(BUILT_PRODUCTS_DIR)/NSApp.app/NSApp";
				FRAMEWORK_SEARCH_PATHS = (
					"$(SDKROOT)/Developer/Library/Frameworks",
					"$(inherited)",
					"$(DEVELOPER_FRAMEWORKS_DIR)",
				);
				GCC_PRECOMPILE_PREFIX_HEADER = YES;
				GCC_PREFIX_HEADER = "NSApp/NSApp-Prefix.pch";
				INFOPLIST_FILE = "NSAppTests/NSAppTests-Info.plist";
				PRODUCT_NAME = "$(TARGET_NAME)";
				TEST_HOST = "$(BUNDLE_LOADER)";
				WRAPPER_EXTENSION = xctest;
			};
			name = Release;
		};
/* End XCBuildConfiguration section */

/* Begin XCConfigurationList section */
		D711E027198405D7007D9C20 /* Build configuration list for PBXProject "NSApp" */ = {
			isa = XCConfigurationList;
			buildConfigurations = (
				D711E056198405D8007D9C20 /* Debug */,
				D711E057198405D8007D9C20 /* Release */,
			);
			defaultConfigurationIsVisible = 0;
			defaultConfigurationName = Release;
		};
		D711E058198405D8007D9C20 /* Build configuration list for PBXNativeTarget "NSApp" */ = {
			isa = XCConfigurationList;
			buildConfigurations = (
				D711E059198405D8007D9C20 /* Debug */,
				D711E05A198405D8007D9C20 /* Release */,
			);
			defaultConfigurationIsVisible = 0;
			defaultConfigurationName = Release;
		};
		D711E05B198405D8007D9C20 /* Build configuration list for PBXNativeTarget "NSAppTests" */ = {
			isa = XCConfigurationList;
			buildConfigurations = (
				D711E05C198405D8007D9C20 /* Debug */,
				D711E05D198405D8007D9C20 /* Release */,
			);
			defaultConfigurationIsVisible = 0;
			defaultConfigurationName = Release;
		};
/* End XCConfigurationList section */
	};
	rootObject = D711E024198405D7007D9C20 /* Project object */;
}
